// !$*UTF8*$!
{
	archiveVersion = 1;
	classes = {
	};
	objectVersion = 46;
	objects = {

/* Begin PBXBuildFile section */
		22373AE014446E1D0085B48D /* splodge-blue.png in Resources */ = {isa = PBXBuildFile; fileRef = 22373AD814446E1D0085B48D /* splodge-blue.png */; };
		22373AE114446E1D0085B48D /* splodge-blue@x2.png in Resources */ = {isa = PBXBuildFile; fileRef = 22373AD914446E1D0085B48D /* splodge-blue@x2.png */; };
		22373AE214446E1D0085B48D /* splodge-green.png in Resources */ = {isa = PBXBuildFile; fileRef = 22373ADA14446E1D0085B48D /* splodge-green.png */; };
		22373AE314446E1D0085B48D /* splodge-green@x2.png in Resources */ = {isa = PBXBuildFile; fileRef = 22373ADB14446E1D0085B48D /* splodge-green@x2.png */; };
		22373AE414446E1D0085B48D /* splodge-red.png in Resources */ = {isa = PBXBuildFile; fileRef = 22373ADC14446E1D0085B48D /* splodge-red.png */; };
		22373AE514446E1D0085B48D /* splodge-red@x2.png in Resources */ = {isa = PBXBuildFile; fileRef = 22373ADD14446E1D0085B48D /* splodge-red@x2.png */; };
		22373AE614446E1D0085B48D /* splodge-yellow.png in Resources */ = {isa = PBXBuildFile; fileRef = 22373ADE14446E1D0085B48D /* splodge-yellow.png */; };
		22373AE714446E1D0085B48D /* splodge-yellow@x2.png in Resources */ = {isa = PBXBuildFile; fileRef = 22373ADF14446E1D0085B48D /* splodge-yellow@x2.png */; };
		22373AF014446EC10085B48D /* 10.png in Resources */ = {isa = PBXBuildFile; fileRef = 22373AE814446EC10085B48D /* 10.png */; };
		22373AF114446EC10085B48D /* 10@x2.png in Resources */ = {isa = PBXBuildFile; fileRef = 22373AE914446EC10085B48D /* 10@x2.png */; };
		22373AF214446EC10085B48D /* 20.png in Resources */ = {isa = PBXBuildFile; fileRef = 22373AEA14446EC10085B48D /* 20.png */; };
		22373AF314446EC10085B48D /* 20@x2.png in Resources */ = {isa = PBXBuildFile; fileRef = 22373AEB14446EC10085B48D /* 20@x2.png */; };
		22373AF414446EC10085B48D /* 30.png in Resources */ = {isa = PBXBuildFile; fileRef = 22373AEC14446EC10085B48D /* 30.png */; };
		22373AF514446EC10085B48D /* 30@x2.png in Resources */ = {isa = PBXBuildFile; fileRef = 22373AED14446EC10085B48D /* 30@x2.png */; };
		22373AF614446EC10085B48D /* 40.png in Resources */ = {isa = PBXBuildFile; fileRef = 22373AEE14446EC10085B48D /* 40.png */; };
		22373AF714446EC10085B48D /* 40@x2.png in Resources */ = {isa = PBXBuildFile; fileRef = 22373AEF14446EC10085B48D /* 40@x2.png */; };
		22373B25144471B10085B48D /* 01.png in Resources */ = {isa = PBXBuildFile; fileRef = 22373AF9144471B00085B48D /* 01.png */; };
		22373B26144471B10085B48D /* 01@x2.png in Resources */ = {isa = PBXBuildFile; fileRef = 22373AFA144471B00085B48D /* 01@x2.png */; };
		22373B27144471B10085B48D /* 02.png in Resources */ = {isa = PBXBuildFile; fileRef = 22373AFB144471B00085B48D /* 02.png */; };
		22373B28144471B10085B48D /* 02@x2.png in Resources */ = {isa = PBXBuildFile; fileRef = 22373AFC144471B00085B48D /* 02@x2.png */; };
		22373B29144471B10085B48D /* 03.png in Resources */ = {isa = PBXBuildFile; fileRef = 22373AFD144471B00085B48D /* 03.png */; };
		22373B2A144471B10085B48D /* 03@x2.png in Resources */ = {isa = PBXBuildFile; fileRef = 22373AFE144471B00085B48D /* 03@x2.png */; };
		22373B2B144471B10085B48D /* 04.png in Resources */ = {isa = PBXBuildFile; fileRef = 22373AFF144471B00085B48D /* 04.png */; };
		22373B2C144471B10085B48D /* 04@x2.png in Resources */ = {isa = PBXBuildFile; fileRef = 22373B00144471B00085B48D /* 04@x2.png */; };
		22373B2D144471B10085B48D /* 11.png in Resources */ = {isa = PBXBuildFile; fileRef = 22373B02144471B10085B48D /* 11.png */; };
		22373B2E144471B10085B48D /* 11@x2.png in Resources */ = {isa = PBXBuildFile; fileRef = 22373B03144471B10085B48D /* 11@x2.png */; };
		22373B2F144471B10085B48D /* 12.png in Resources */ = {isa = PBXBuildFile; fileRef = 22373B04144471B10085B48D /* 12.png */; };
		22373B30144471B10085B48D /* 12@x2.png in Resources */ = {isa = PBXBuildFile; fileRef = 22373B05144471B10085B48D /* 12@x2.png */; };
		22373B31144471B10085B48D /* 13.png in Resources */ = {isa = PBXBuildFile; fileRef = 22373B06144471B10085B48D /* 13.png */; };
		22373B32144471B10085B48D /* 13@x2.png in Resources */ = {isa = PBXBuildFile; fileRef = 22373B07144471B10085B48D /* 13@x2.png */; };
		22373B33144471B10085B48D /* 14.png in Resources */ = {isa = PBXBuildFile; fileRef = 22373B08144471B10085B48D /* 14.png */; };
		22373B34144471B10085B48D /* 14@x2.png in Resources */ = {isa = PBXBuildFile; fileRef = 22373B09144471B10085B48D /* 14@x2.png */; };
		22373B35144471B10085B48D /* 21.png in Resources */ = {isa = PBXBuildFile; fileRef = 22373B0B144471B10085B48D /* 21.png */; };
		22373B36144471B10085B48D /* 21@x2.png in Resources */ = {isa = PBXBuildFile; fileRef = 22373B0C144471B10085B48D /* 21@x2.png */; };
		22373B37144471B10085B48D /* 22.png in Resources */ = {isa = PBXBuildFile; fileRef = 22373B0D144471B10085B48D /* 22.png */; };
		22373B38144471B10085B48D /* 22@x2.png in Resources */ = {isa = PBXBuildFile; fileRef = 22373B0E144471B10085B48D /* 22@x2.png */; };
		22373B39144471B10085B48D /* 23.png in Resources */ = {isa = PBXBuildFile; fileRef = 22373B0F144471B10085B48D /* 23.png */; };
		22373B3A144471B10085B48D /* 23@x2.png in Resources */ = {isa = PBXBuildFile; fileRef = 22373B10144471B10085B48D /* 23@x2.png */; };
		22373B3B144471B10085B48D /* 24.png in Resources */ = {isa = PBXBuildFile; fileRef = 22373B11144471B10085B48D /* 24.png */; };
		22373B3C144471B10085B48D /* 24@x2.png in Resources */ = {isa = PBXBuildFile; fileRef = 22373B12144471B10085B48D /* 24@x2.png */; };
		22373B3D144471B10085B48D /* 31.png in Resources */ = {isa = PBXBuildFile; fileRef = 22373B14144471B10085B48D /* 31.png */; };
		22373B3E144471B10085B48D /* 31@x2.png in Resources */ = {isa = PBXBuildFile; fileRef = 22373B15144471B10085B48D /* 31@x2.png */; };
		22373B3F144471B10085B48D /* 32.png in Resources */ = {isa = PBXBuildFile; fileRef = 22373B16144471B10085B48D /* 32.png */; };
		22373B40144471B10085B48D /* 32@x2.png in Resources */ = {isa = PBXBuildFile; fileRef = 22373B17144471B10085B48D /* 32@x2.png */; };
		22373B41144471B10085B48D /* 33.png in Resources */ = {isa = PBXBuildFile; fileRef = 22373B18144471B10085B48D /* 33.png */; };
		22373B42144471B10085B48D /* 33@x2.png in Resources */ = {isa = PBXBuildFile; fileRef = 22373B19144471B10085B48D /* 33@x2.png */; };
		22373B43144471B10085B48D /* 34.png in Resources */ = {isa = PBXBuildFile; fileRef = 22373B1A144471B10085B48D /* 34.png */; };
		22373B44144471B10085B48D /* 34@x2.png in Resources */ = {isa = PBXBuildFile; fileRef = 22373B1B144471B10085B48D /* 34@x2.png */; };
		22373B45144471B10085B48D /* 41.png in Resources */ = {isa = PBXBuildFile; fileRef = 22373B1D144471B10085B48D /* 41.png */; };
		22373B46144471B10085B48D /* 41@x2.png in Resources */ = {isa = PBXBuildFile; fileRef = 22373B1E144471B10085B48D /* 41@x2.png */; };
		22373B47144471B10085B48D /* 42.png in Resources */ = {isa = PBXBuildFile; fileRef = 22373B1F144471B10085B48D /* 42.png */; };
		22373B48144471B10085B48D /* 42@x2.png in Resources */ = {isa = PBXBuildFile; fileRef = 22373B20144471B10085B48D /* 42@x2.png */; };
		22373B49144471B10085B48D /* 43.png in Resources */ = {isa = PBXBuildFile; fileRef = 22373B21144471B10085B48D /* 43.png */; };
		22373B4A144471B10085B48D /* 43@x2.png in Resources */ = {isa = PBXBuildFile; fileRef = 22373B22144471B10085B48D /* 43@x2.png */; };
		22373B4B144471B10085B48D /* 44.png in Resources */ = {isa = PBXBuildFile; fileRef = 22373B23144471B10085B48D /* 44.png */; };
		22373B4C144471B10085B48D /* 44@x2.png in Resources */ = {isa = PBXBuildFile; fileRef = 22373B24144471B10085B48D /* 44@x2.png */; };
		2270076F1441921C00935396 /* blueCursor.png in Resources */ = {isa = PBXBuildFile; fileRef = 2270076D1441921C00935396 /* blueCursor.png */; };
		227007701441921C00935396 /* blueCursor@2x.png in Resources */ = {isa = PBXBuildFile; fileRef = 2270076E1441921C00935396 /* blueCursor@2x.png */; };
		22700773144192ED00935396 /* greenCursor.png in Resources */ = {isa = PBXBuildFile; fileRef = 22700771144192ED00935396 /* greenCursor.png */; };
		22700774144192ED00935396 /* greenCursor@2x.png in Resources */ = {isa = PBXBuildFile; fileRef = 22700772144192ED00935396 /* greenCursor@2x.png */; };
		2270077B144193F300935396 /* redCursor.png in Resources */ = {isa = PBXBuildFile; fileRef = 22700777144193F300935396 /* redCursor.png */; };
		2270077C144193F300935396 /* redCursor@2x.png in Resources */ = {isa = PBXBuildFile; fileRef = 22700778144193F300935396 /* redCursor@2x.png */; };
		2270077F1441944500935396 /* yellowCursor.png in Resources */ = {isa = PBXBuildFile; fileRef = 2270077D1441944500935396 /* yellowCursor.png */; };
		227007801441944500935396 /* yellowCursor@2x.png in Resources */ = {isa = PBXBuildFile; fileRef = 2270077E1441944500935396 /* yellowCursor@2x.png */; };
		227007891441979200935396 /* circleCursor.png in Resources */ = {isa = PBXBuildFile; fileRef = 227007811441979200935396 /* circleCursor.png */; };
		2270078A1441979200935396 /* circleCursor@2x.png in Resources */ = {isa = PBXBuildFile; fileRef = 227007821441979200935396 /* circleCursor@2x.png */; };
		2270078B1441979200935396 /* triangleCursor.png in Resources */ = {isa = PBXBuildFile; fileRef = 227007831441979200935396 /* triangleCursor.png */; };
		2270078C1441979200935396 /* triangleCursor@2x.png in Resources */ = {isa = PBXBuildFile; fileRef = 227007841441979200935396 /* triangleCursor@2x.png */; };
		2270078D1441979200935396 /* crossCursor.png in Resources */ = {isa = PBXBuildFile; fileRef = 227007851441979200935396 /* crossCursor.png */; };
		2270078E1441979200935396 /* crossCursor@2x.png in Resources */ = {isa = PBXBuildFile; fileRef = 227007861441979200935396 /* crossCursor@2x.png */; };
		2270078F1441979200935396 /* squareCursor@.png in Resources */ = {isa = PBXBuildFile; fileRef = 227007871441979200935396 /* squareCursor@.png */; };
		227007901441979200935396 /* squareCursor@2x.png in Resources */ = {isa = PBXBuildFile; fileRef = 227007881441979200935396 /* squareCursor@2x.png */; };
		227007FE1441BE7100935396 /* DCCrossHairView.m in Sources */ = {isa = PBXBuildFile; fileRef = 227007F61441BE7100935396 /* DCCrossHairView.m */; };
		227007FF1441BE7100935396 /* DCFrameView.m in Sources */ = {isa = PBXBuildFile; fileRef = 227007F81441BE7100935396 /* DCFrameView.m */; };
		227008001441BE7100935396 /* DCIntrospect.m in Sources */ = {isa = PBXBuildFile; fileRef = 227007FA1441BE7100935396 /* DCIntrospect.m */; };
		227008011441BE7100935396 /* DCStatusBarOverlay.m in Sources */ = {isa = PBXBuildFile; fileRef = 227007FD1441BE7100935396 /* DCStatusBarOverlay.m */; };
		227008031441BEBA00935396 /* QuartzCore.framework in Frameworks */ = {isa = PBXBuildFile; fileRef = 227008021441BEBA00935396 /* QuartzCore.framework */; };
		2270080A1441E2EB00935396 /* boardBackground.png in Resources */ = {isa = PBXBuildFile; fileRef = 227008081441E2EB00935396 /* boardBackground.png */; };
		2270080B1441E2EB00935396 /* boardBackground@2x.png in Resources */ = {isa = PBXBuildFile; fileRef = 227008091441E2EB00935396 /* boardBackground@2x.png */; };
		227377581441EF52002EE8B9 /* 00.png in Resources */ = {isa = PBXBuildFile; fileRef = 227377561441EF52002EE8B9 /* 00.png */; };
		227377591441EF52002EE8B9 /* 00@2x.png in Resources */ = {isa = PBXBuildFile; fileRef = 227377571441EF52002EE8B9 /* 00@2x.png */; };
		2273775D1441F1AF002EE8B9 /* blankBoard.png in Resources */ = {isa = PBXBuildFile; fileRef = 2273775B1441F1AF002EE8B9 /* blankBoard.png */; };
		2273775E1441F1B0002EE8B9 /* blankBoard@2x.png in Resources */ = {isa = PBXBuildFile; fileRef = 2273775C1441F1AF002EE8B9 /* blankBoard@2x.png */; };
		227377661441F695002EE8B9 /* guessButton.png in Resources */ = {isa = PBXBuildFile; fileRef = 227377641441F695002EE8B9 /* guessButton.png */; };
		227377671441F695002EE8B9 /* guessButton@2x.png in Resources */ = {isa = PBXBuildFile; fileRef = 227377651441F695002EE8B9 /* guessButton@2x.png */; };
		22946DD9144589080074C54B /* toolbar.png in Resources */ = {isa = PBXBuildFile; fileRef = 22946DD7144589080074C54B /* toolbar.png */; };
		22946DDA144589080074C54B /* toolbar@2x.png in Resources */ = {isa = PBXBuildFile; fileRef = 22946DD8144589080074C54B /* toolbar@2x.png */; };
		22EF3A1F14416F7D007A1BD5 /* UIKit.framework in Frameworks */ = {isa = PBXBuildFile; fileRef = 22EF3A1E14416F7C007A1BD5 /* UIKit.framework */; };
		22EF3A2114416F7D007A1BD5 /* Foundation.framework in Frameworks */ = {isa = PBXBuildFile; fileRef = 22EF3A2014416F7D007A1BD5 /* Foundation.framework */; };
		22EF3A2314416F7D007A1BD5 /* CoreGraphics.framework in Frameworks */ = {isa = PBXBuildFile; fileRef = 22EF3A2214416F7D007A1BD5 /* CoreGraphics.framework */; };
		22EF3A2914416F7D007A1BD5 /* InfoPlist.strings in Resources */ = {isa = PBXBuildFile; fileRef = 22EF3A2714416F7D007A1BD5 /* InfoPlist.strings */; };
		22EF3A2B14416F7D007A1BD5 /* main.m in Sources */ = {isa = PBXBuildFile; fileRef = 22EF3A2A14416F7D007A1BD5 /* main.m */; };
		22EF3A2F14416F7D007A1BD5 /* NewShapeGameAppDelegate.m in Sources */ = {isa = PBXBuildFile; fileRef = 22EF3A2E14416F7D007A1BD5 /* NewShapeGameAppDelegate.m */; };
		22EF3A3214416F7D007A1BD5 /* MainWindow.xib in Resources */ = {isa = PBXBuildFile; fileRef = 22EF3A3014416F7D007A1BD5 /* MainWindow.xib */; };
		22EF3A3514416F7D007A1BD5 /* NewShapeGameViewController.m in Sources */ = {isa = PBXBuildFile; fileRef = 22EF3A3414416F7D007A1BD5 /* NewShapeGameViewController.m */; };
		22EF3A3814416F7D007A1BD5 /* NewShapeGameViewController.xib in Resources */ = {isa = PBXBuildFile; fileRef = 22EF3A3614416F7D007A1BD5 /* NewShapeGameViewController.xib */; };
		22EF3A4514417001007A1BD5 /* BoardCell.m in Sources */ = {isa = PBXBuildFile; fileRef = 22EF3A4414417001007A1BD5 /* BoardCell.m */; };
/* End PBXBuildFile section */

/* Begin PBXFileReference section */
		22373AD814446E1D0085B48D /* splodge-blue.png */ = {isa = PBXFileReference; lastKnownFileType = image.png; path = "splodge-blue.png"; sourceTree = "<group>"; };
		22373AD914446E1D0085B48D /* splodge-blue@x2.png */ = {isa = PBXFileReference; lastKnownFileType = image.png; path = "splodge-blue@x2.png"; sourceTree = "<group>"; };
		22373ADA14446E1D0085B48D /* splodge-green.png */ = {isa = PBXFileReference; lastKnownFileType = image.png; path = "splodge-green.png"; sourceTree = "<group>"; };
		22373ADB14446E1D0085B48D /* splodge-green@x2.png */ = {isa = PBXFileReference; lastKnownFileType = image.png; path = "splodge-green@x2.png"; sourceTree = "<group>"; };
		22373ADC14446E1D0085B48D /* splodge-red.png */ = {isa = PBXFileReference; lastKnownFileType = image.png; path = "splodge-red.png"; sourceTree = "<group>"; };
		22373ADD14446E1D0085B48D /* splodge-red@x2.png */ = {isa = PBXFileReference; lastKnownFileType = image.png; path = "splodge-red@x2.png"; sourceTree = "<group>"; };
		22373ADE14446E1D0085B48D /* splodge-yellow.png */ = {isa = PBXFileReference; lastKnownFileType = image.png; path = "splodge-yellow.png"; sourceTree = "<group>"; };
		22373ADF14446E1D0085B48D /* splodge-yellow@x2.png */ = {isa = PBXFileReference; lastKnownFileType = image.png; path = "splodge-yellow@x2.png"; sourceTree = "<group>"; };
		22373AE814446EC10085B48D /* 10.png */ = {isa = PBXFileReference; lastKnownFileType = image.png; path = 10.png; sourceTree = "<group>"; };
		22373AE914446EC10085B48D /* 10@x2.png */ = {isa = PBXFileReference; lastKnownFileType = image.png; path = "10@x2.png"; sourceTree = "<group>"; };
		22373AEA14446EC10085B48D /* 20.png */ = {isa = PBXFileReference; lastKnownFileType = image.png; path = 20.png; sourceTree = "<group>"; };
		22373AEB14446EC10085B48D /* 20@x2.png */ = {isa = PBXFileReference; lastKnownFileType = image.png; path = "20@x2.png"; sourceTree = "<group>"; };
		22373AEC14446EC10085B48D /* 30.png */ = {isa = PBXFileReference; lastKnownFileType = image.png; path = 30.png; sourceTree = "<group>"; };
		22373AED14446EC10085B48D /* 30@x2.png */ = {isa = PBXFileReference; lastKnownFileType = image.png; path = "30@x2.png"; sourceTree = "<group>"; };
		22373AEE14446EC10085B48D /* 40.png */ = {isa = PBXFileReference; lastKnownFileType = image.png; path = 40.png; sourceTree = "<group>"; };
		22373AEF14446EC10085B48D /* 40@x2.png */ = {isa = PBXFileReference; lastKnownFileType = image.png; path = "40@x2.png"; sourceTree = "<group>"; };
		22373AF9144471B00085B48D /* 01.png */ = {isa = PBXFileReference; lastKnownFileType = image.png; path = 01.png; sourceTree = "<group>"; };
		22373AFA144471B00085B48D /* 01@x2.png */ = {isa = PBXFileReference; lastKnownFileType = image.png; path = "01@x2.png"; sourceTree = "<group>"; };
		22373AFB144471B00085B48D /* 02.png */ = {isa = PBXFileReference; lastKnownFileType = image.png; path = 02.png; sourceTree = "<group>"; };
		22373AFC144471B00085B48D /* 02@x2.png */ = {isa = PBXFileReference; lastKnownFileType = image.png; path = "02@x2.png"; sourceTree = "<group>"; };
		22373AFD144471B00085B48D /* 03.png */ = {isa = PBXFileReference; lastKnownFileType = image.png; path = 03.png; sourceTree = "<group>"; };
		22373AFE144471B00085B48D /* 03@x2.png */ = {isa = PBXFileReference; lastKnownFileType = image.png; path = "03@x2.png"; sourceTree = "<group>"; };
		22373AFF144471B00085B48D /* 04.png */ = {isa = PBXFileReference; lastKnownFileType = image.png; path = 04.png; sourceTree = "<group>"; };
		22373B00144471B00085B48D /* 04@x2.png */ = {isa = PBXFileReference; lastKnownFileType = image.png; path = "04@x2.png"; sourceTree = "<group>"; };
		22373B02144471B10085B48D /* 11.png */ = {isa = PBXFileReference; lastKnownFileType = image.png; path = 11.png; sourceTree = "<group>"; };
		22373B03144471B10085B48D /* 11@x2.png */ = {isa = PBXFileReference; lastKnownFileType = image.png; path = "11@x2.png"; sourceTree = "<group>"; };
		22373B04144471B10085B48D /* 12.png */ = {isa = PBXFileReference; lastKnownFileType = image.png; path = 12.png; sourceTree = "<group>"; };
		22373B05144471B10085B48D /* 12@x2.png */ = {isa = PBXFileReference; lastKnownFileType = image.png; path = "12@x2.png"; sourceTree = "<group>"; };
		22373B06144471B10085B48D /* 13.png */ = {isa = PBXFileReference; lastKnownFileType = image.png; path = 13.png; sourceTree = "<group>"; };
		22373B07144471B10085B48D /* 13@x2.png */ = {isa = PBXFileReference; lastKnownFileType = image.png; path = "13@x2.png"; sourceTree = "<group>"; };
		22373B08144471B10085B48D /* 14.png */ = {isa = PBXFileReference; lastKnownFileType = image.png; path = 14.png; sourceTree = "<group>"; };
		22373B09144471B10085B48D /* 14@x2.png */ = {isa = PBXFileReference; lastKnownFileType = image.png; path = "14@x2.png"; sourceTree = "<group>"; };
		22373B0B144471B10085B48D /* 21.png */ = {isa = PBXFileReference; lastKnownFileType = image.png; path = 21.png; sourceTree = "<group>"; };
		22373B0C144471B10085B48D /* 21@x2.png */ = {isa = PBXFileReference; lastKnownFileType = image.png; path = "21@x2.png"; sourceTree = "<group>"; };
		22373B0D144471B10085B48D /* 22.png */ = {isa = PBXFileReference; lastKnownFileType = image.png; path = 22.png; sourceTree = "<group>"; };
		22373B0E144471B10085B48D /* 22@x2.png */ = {isa = PBXFileReference; lastKnownFileType = image.png; path = "22@x2.png"; sourceTree = "<group>"; };
		22373B0F144471B10085B48D /* 23.png */ = {isa = PBXFileReference; lastKnownFileType = image.png; path = 23.png; sourceTree = "<group>"; };
		22373B10144471B10085B48D /* 23@x2.png */ = {isa = PBXFileReference; lastKnownFileType = image.png; path = "23@x2.png"; sourceTree = "<group>"; };
		22373B11144471B10085B48D /* 24.png */ = {isa = PBXFileReference; lastKnownFileType = image.png; path = 24.png; sourceTree = "<group>"; };
		22373B12144471B10085B48D /* 24@x2.png */ = {isa = PBXFileReference; lastKnownFileType = image.png; path = "24@x2.png"; sourceTree = "<group>"; };
		22373B14144471B10085B48D /* 31.png */ = {isa = PBXFileReference; lastKnownFileType = image.png; path = 31.png; sourceTree = "<group>"; };
		22373B15144471B10085B48D /* 31@x2.png */ = {isa = PBXFileReference; lastKnownFileType = image.png; path = "31@x2.png"; sourceTree = "<group>"; };
		22373B16144471B10085B48D /* 32.png */ = {isa = PBXFileReference; lastKnownFileType = image.png; path = 32.png; sourceTree = "<group>"; };
		22373B17144471B10085B48D /* 32@x2.png */ = {isa = PBXFileReference; lastKnownFileType = image.png; path = "32@x2.png"; sourceTree = "<group>"; };
		22373B18144471B10085B48D /* 33.png */ = {isa = PBXFileReference; lastKnownFileType = image.png; path = 33.png; sourceTree = "<group>"; };
		22373B19144471B10085B48D /* 33@x2.png */ = {isa = PBXFileReference; lastKnownFileType = image.png; path = "33@x2.png"; sourceTree = "<group>"; };
		22373B1A144471B10085B48D /* 34.png */ = {isa = PBXFileReference; lastKnownFileType = image.png; path = 34.png; sourceTree = "<group>"; };
		22373B1B144471B10085B48D /* 34@x2.png */ = {isa = PBXFileReference; lastKnownFileType = image.png; path = "34@x2.png"; sourceTree = "<group>"; };
		22373B1D144471B10085B48D /* 41.png */ = {isa = PBXFileReference; lastKnownFileType = image.png; path = 41.png; sourceTree = "<group>"; };
		22373B1E144471B10085B48D /* 41@x2.png */ = {isa = PBXFileReference; lastKnownFileType = image.png; path = "41@x2.png"; sourceTree = "<group>"; };
		22373B1F144471B10085B48D /* 42.png */ = {isa = PBXFileReference; lastKnownFileType = image.png; path = 42.png; sourceTree = "<group>"; };
		22373B20144471B10085B48D /* 42@x2.png */ = {isa = PBXFileReference; lastKnownFileType = image.png; path = "42@x2.png"; sourceTree = "<group>"; };
		22373B21144471B10085B48D /* 43.png */ = {isa = PBXFileReference; lastKnownFileType = image.png; path = 43.png; sourceTree = "<group>"; };
		22373B22144471B10085B48D /* 43@x2.png */ = {isa = PBXFileReference; lastKnownFileType = image.png; path = "43@x2.png"; sourceTree = "<group>"; };
		22373B23144471B10085B48D /* 44.png */ = {isa = PBXFileReference; lastKnownFileType = image.png; path = 44.png; sourceTree = "<group>"; };
		22373B24144471B10085B48D /* 44@x2.png */ = {isa = PBXFileReference; lastKnownFileType = image.png; path = "44@x2.png"; sourceTree = "<group>"; };
		2270076D1441921C00935396 /* blueCursor.png */ = {isa = PBXFileReference; lastKnownFileType = image.png; path = blueCursor.png; sourceTree = "<group>"; };
		2270076E1441921C00935396 /* blueCursor@2x.png */ = {isa = PBXFileReference; lastKnownFileType = image.png; path = "blueCursor@2x.png"; sourceTree = "<group>"; };
		22700771144192ED00935396 /* greenCursor.png */ = {isa = PBXFileReference; lastKnownFileType = image.png; path = greenCursor.png; sourceTree = "<group>"; };
		22700772144192ED00935396 /* greenCursor@2x.png */ = {isa = PBXFileReference; lastKnownFileType = image.png; path = "greenCursor@2x.png"; sourceTree = "<group>"; };
		22700777144193F300935396 /* redCursor.png */ = {isa = PBXFileReference; lastKnownFileType = image.png; path = redCursor.png; sourceTree = "<group>"; };
		22700778144193F300935396 /* redCursor@2x.png */ = {isa = PBXFileReference; lastKnownFileType = image.png; path = "redCursor@2x.png"; sourceTree = "<group>"; };
		2270077D1441944500935396 /* yellowCursor.png */ = {isa = PBXFileReference; lastKnownFileType = image.png; path = yellowCursor.png; sourceTree = "<group>"; };
		2270077E1441944500935396 /* yellowCursor@2x.png */ = {isa = PBXFileReference; lastKnownFileType = image.png; path = "yellowCursor@2x.png"; sourceTree = "<group>"; };
		227007811441979200935396 /* circleCursor.png */ = {isa = PBXFileReference; lastKnownFileType = image.png; path = circleCursor.png; sourceTree = "<group>"; };
		227007821441979200935396 /* circleCursor@2x.png */ = {isa = PBXFileReference; lastKnownFileType = image.png; path = "circleCursor@2x.png"; sourceTree = "<group>"; };
		227007831441979200935396 /* triangleCursor.png */ = {isa = PBXFileReference; lastKnownFileType = image.png; path = triangleCursor.png; sourceTree = "<group>"; };
		227007841441979200935396 /* triangleCursor@2x.png */ = {isa = PBXFileReference; lastKnownFileType = image.png; path = "triangleCursor@2x.png"; sourceTree = "<group>"; };
		227007851441979200935396 /* crossCursor.png */ = {isa = PBXFileReference; lastKnownFileType = image.png; path = crossCursor.png; sourceTree = "<group>"; };
		227007861441979200935396 /* crossCursor@2x.png */ = {isa = PBXFileReference; lastKnownFileType = image.png; path = "crossCursor@2x.png"; sourceTree = "<group>"; };
		227007871441979200935396 /* squareCursor@.png */ = {isa = PBXFileReference; lastKnownFileType = image.png; path = "squareCursor@.png"; sourceTree = "<group>"; };
		227007881441979200935396 /* squareCursor@2x.png */ = {isa = PBXFileReference; lastKnownFileType = image.png; path = "squareCursor@2x.png"; sourceTree = "<group>"; };
		227007F51441BE7100935396 /* DCCrossHairView.h */ = {isa = PBXFileReference; fileEncoding = 4; lastKnownFileType = sourcecode.c.h; path = DCCrossHairView.h; sourceTree = "<group>"; };
		227007F61441BE7100935396 /* DCCrossHairView.m */ = {isa = PBXFileReference; fileEncoding = 4; lastKnownFileType = sourcecode.c.objc; path = DCCrossHairView.m; sourceTree = "<group>"; };
		227007F71441BE7100935396 /* DCFrameView.h */ = {isa = PBXFileReference; fileEncoding = 4; lastKnownFileType = sourcecode.c.h; path = DCFrameView.h; sourceTree = "<group>"; };
		227007F81441BE7100935396 /* DCFrameView.m */ = {isa = PBXFileReference; fileEncoding = 4; lastKnownFileType = sourcecode.c.objc; path = DCFrameView.m; sourceTree = "<group>"; };
		227007F91441BE7100935396 /* DCIntrospect.h */ = {isa = PBXFileReference; fileEncoding = 4; lastKnownFileType = sourcecode.c.h; path = DCIntrospect.h; sourceTree = "<group>"; };
		227007FA1441BE7100935396 /* DCIntrospect.m */ = {isa = PBXFileReference; fileEncoding = 4; lastKnownFileType = sourcecode.c.objc; path = DCIntrospect.m; sourceTree = "<group>"; };
		227007FB1441BE7100935396 /* DCIntrospectSettings.h */ = {isa = PBXFileReference; fileEncoding = 4; lastKnownFileType = sourcecode.c.h; path = DCIntrospectSettings.h; sourceTree = "<group>"; };
		227007FC1441BE7100935396 /* DCStatusBarOverlay.h */ = {isa = PBXFileReference; fileEncoding = 4; lastKnownFileType = sourcecode.c.h; path = DCStatusBarOverlay.h; sourceTree = "<group>"; };
		227007FD1441BE7100935396 /* DCStatusBarOverlay.m */ = {isa = PBXFileReference; fileEncoding = 4; lastKnownFileType = sourcecode.c.objc; path = DCStatusBarOverlay.m; sourceTree = "<group>"; };
		227008021441BEBA00935396 /* QuartzCore.framework */ = {isa = PBXFileReference; lastKnownFileType = wrapper.framework; name = QuartzCore.framework; path = System/Library/Frameworks/QuartzCore.framework; sourceTree = SDKROOT; };
		227008081441E2EB00935396 /* boardBackground.png */ = {isa = PBXFileReference; lastKnownFileType = image.png; path = boardBackground.png; sourceTree = "<group>"; };
		227008091441E2EB00935396 /* boardBackground@2x.png */ = {isa = PBXFileReference; lastKnownFileType = image.png; path = "boardBackground@2x.png"; sourceTree = "<group>"; };
		227377561441EF52002EE8B9 /* 00.png */ = {isa = PBXFileReference; lastKnownFileType = image.png; path = 00.png; sourceTree = "<group>"; };
		227377571441EF52002EE8B9 /* 00@2x.png */ = {isa = PBXFileReference; lastKnownFileType = image.png; path = "00@2x.png"; sourceTree = "<group>"; };
		2273775B1441F1AF002EE8B9 /* blankBoard.png */ = {isa = PBXFileReference; lastKnownFileType = image.png; path = blankBoard.png; sourceTree = "<group>"; };
		2273775C1441F1AF002EE8B9 /* blankBoard@2x.png */ = {isa = PBXFileReference; lastKnownFileType = image.png; path = "blankBoard@2x.png"; sourceTree = "<group>"; };
		227377641441F695002EE8B9 /* guessButton.png */ = {isa = PBXFileReference; lastKnownFileType = image.png; path = guessButton.png; sourceTree = "<group>"; };
		227377651441F695002EE8B9 /* guessButton@2x.png */ = {isa = PBXFileReference; lastKnownFileType = image.png; path = "guessButton@2x.png"; sourceTree = "<group>"; };
		22946DD7144589080074C54B /* toolbar.png */ = {isa = PBXFileReference; lastKnownFileType = image.png; path = toolbar.png; sourceTree = "<group>"; };
		22946DD8144589080074C54B /* toolbar@2x.png */ = {isa = PBXFileReference; lastKnownFileType = image.png; path = "toolbar@2x.png"; sourceTree = "<group>"; };
		22EF3A1A14416F7C007A1BD5 /* shapegame.app */ = {isa = PBXFileReference; explicitFileType = wrapper.application; includeInIndex = 0; path = shapegame.app; sourceTree = BUILT_PRODUCTS_DIR; };
		22EF3A1E14416F7C007A1BD5 /* UIKit.framework */ = {isa = PBXFileReference; lastKnownFileType = wrapper.framework; name = UIKit.framework; path = System/Library/Frameworks/UIKit.framework; sourceTree = SDKROOT; };
		22EF3A2014416F7D007A1BD5 /* Foundation.framework */ = {isa = PBXFileReference; lastKnownFileType = wrapper.framework; name = Foundation.framework; path = System/Library/Frameworks/Foundation.framework; sourceTree = SDKROOT; };
		22EF3A2214416F7D007A1BD5 /* CoreGraphics.framework */ = {isa = PBXFileReference; lastKnownFileType = wrapper.framework; name = CoreGraphics.framework; path = System/Library/Frameworks/CoreGraphics.framework; sourceTree = SDKROOT; };
		22EF3A2614416F7D007A1BD5 /* ShapeGame-Info.plist */ = {isa = PBXFileReference; lastKnownFileType = text.plist.xml; path = "ShapeGame-Info.plist"; sourceTree = "<group>"; };
		22EF3A2814416F7D007A1BD5 /* en */ = {isa = PBXFileReference; lastKnownFileType = text.plist.strings; name = en; path = en.lproj/InfoPlist.strings; sourceTree = "<group>"; };
		22EF3A2A14416F7D007A1BD5 /* main.m */ = {isa = PBXFileReference; lastKnownFileType = sourcecode.c.objc; path = main.m; sourceTree = "<group>"; };
		22EF3A2C14416F7D007A1BD5 /* ShapeGame-Prefix.pch */ = {isa = PBXFileReference; lastKnownFileType = sourcecode.c.h; path = "ShapeGame-Prefix.pch"; sourceTree = "<group>"; };
		22EF3A2D14416F7D007A1BD5 /* NewShapeGameAppDelegate.h */ = {isa = PBXFileReference; lastKnownFileType = sourcecode.c.h; path = NewShapeGameAppDelegate.h; sourceTree = "<group>"; };
		22EF3A2E14416F7D007A1BD5 /* NewShapeGameAppDelegate.m */ = {isa = PBXFileReference; lastKnownFileType = sourcecode.c.objc; path = NewShapeGameAppDelegate.m; sourceTree = "<group>"; };
		22EF3A3114416F7D007A1BD5 /* en */ = {isa = PBXFileReference; lastKnownFileType = file.xib; name = en; path = en.lproj/MainWindow.xib; sourceTree = "<group>"; };
		22EF3A3314416F7D007A1BD5 /* NewShapeGameViewController.h */ = {isa = PBXFileReference; lastKnownFileType = sourcecode.c.h; path = NewShapeGameViewController.h; sourceTree = "<group>"; };
		22EF3A3414416F7D007A1BD5 /* NewShapeGameViewController.m */ = {isa = PBXFileReference; lastKnownFileType = sourcecode.c.objc; path = NewShapeGameViewController.m; sourceTree = "<group>"; };
		22EF3A3714416F7D007A1BD5 /* en */ = {isa = PBXFileReference; lastKnownFileType = file.xib; name = en; path = en.lproj/NewShapeGameViewController.xib; sourceTree = "<group>"; };
		22EF3A4314417001007A1BD5 /* BoardCell.h */ = {isa = PBXFileReference; fileEncoding = 4; lastKnownFileType = sourcecode.c.h; path = BoardCell.h; sourceTree = "<group>"; };
		22EF3A4414417001007A1BD5 /* BoardCell.m */ = {isa = PBXFileReference; fileEncoding = 4; lastKnownFileType = sourcecode.c.objc; path = BoardCell.m; sourceTree = "<group>"; };
/* End PBXFileReference section */

/* Begin PBXFrameworksBuildPhase section */
		22EF3A1714416F7C007A1BD5 /* Frameworks */ = {
			isa = PBXFrameworksBuildPhase;
			buildActionMask = 2147483647;
			files = (
				227008031441BEBA00935396 /* QuartzCore.framework in Frameworks */,
				22EF3A1F14416F7D007A1BD5 /* UIKit.framework in Frameworks */,
				22EF3A2114416F7D007A1BD5 /* Foundation.framework in Frameworks */,
				22EF3A2314416F7D007A1BD5 /* CoreGraphics.framework in Frameworks */,
			);
			runOnlyForDeploymentPostprocessing = 0;
		};
/* End PBXFrameworksBuildPhase section */

/* Begin PBXGroup section */
		22373AF8144471B00085B48D /* black */ = {
			isa = PBXGroup;
			children = (
				22373AF9144471B00085B48D /* 01.png */,
				22373AFA144471B00085B48D /* 01@x2.png */,
				22373AFB144471B00085B48D /* 02.png */,
				22373AFC144471B00085B48D /* 02@x2.png */,
				22373AFD144471B00085B48D /* 03.png */,
				22373AFE144471B00085B48D /* 03@x2.png */,
				22373AFF144471B00085B48D /* 04.png */,
				22373B00144471B00085B48D /* 04@x2.png */,
			);
			path = black;
			sourceTree = "<group>";
		};
		22373B01144471B00085B48D /* blue */ = {
			isa = PBXGroup;
			children = (
				22373B02144471B10085B48D /* 11.png */,
				22373B03144471B10085B48D /* 11@x2.png */,
				22373B04144471B10085B48D /* 12.png */,
				22373B05144471B10085B48D /* 12@x2.png */,
				22373B06144471B10085B48D /* 13.png */,
				22373B07144471B10085B48D /* 13@x2.png */,
				22373B08144471B10085B48D /* 14.png */,
				22373B09144471B10085B48D /* 14@x2.png */,
			);
			path = blue;
			sourceTree = "<group>";
		};
		22373B0A144471B10085B48D /* green */ = {
			isa = PBXGroup;
			children = (
				22373B0B144471B10085B48D /* 21.png */,
				22373B0C144471B10085B48D /* 21@x2.png */,
				22373B0D144471B10085B48D /* 22.png */,
				22373B0E144471B10085B48D /* 22@x2.png */,
				22373B0F144471B10085B48D /* 23.png */,
				22373B10144471B10085B48D /* 23@x2.png */,
				22373B11144471B10085B48D /* 24.png */,
				22373B12144471B10085B48D /* 24@x2.png */,
			);
			path = green;
			sourceTree = "<group>";
		};
		22373B13144471B10085B48D /* red */ = {
			isa = PBXGroup;
			children = (
				22373B14144471B10085B48D /* 31.png */,
				22373B15144471B10085B48D /* 31@x2.png */,
				22373B16144471B10085B48D /* 32.png */,
				22373B17144471B10085B48D /* 32@x2.png */,
				22373B18144471B10085B48D /* 33.png */,
				22373B19144471B10085B48D /* 33@x2.png */,
				22373B1A144471B10085B48D /* 34.png */,
				22373B1B144471B10085B48D /* 34@x2.png */,
			);
			path = red;
			sourceTree = "<group>";
		};
		22373B1C144471B10085B48D /* yellow */ = {
			isa = PBXGroup;
			children = (
				22373B1D144471B10085B48D /* 41.png */,
				22373B1E144471B10085B48D /* 41@x2.png */,
				22373B1F144471B10085B48D /* 42.png */,
				22373B20144471B10085B48D /* 42@x2.png */,
				22373B21144471B10085B48D /* 43.png */,
				22373B22144471B10085B48D /* 43@x2.png */,
				22373B23144471B10085B48D /* 44.png */,
				22373B24144471B10085B48D /* 44@x2.png */,
			);
			path = yellow;
			sourceTree = "<group>";
		};
		22373B4D144471B70085B48D /* Splodges */ = {
			isa = PBXGroup;
			children = (
				22373AE814446EC10085B48D /* 10.png */,
				22373AE914446EC10085B48D /* 10@x2.png */,
				22373AEA14446EC10085B48D /* 20.png */,
				22373AEB14446EC10085B48D /* 20@x2.png */,
				22373AEC14446EC10085B48D /* 30.png */,
				22373AED14446EC10085B48D /* 30@x2.png */,
				22373AEE14446EC10085B48D /* 40.png */,
				22373AEF14446EC10085B48D /* 40@x2.png */,
				227377561441EF52002EE8B9 /* 00.png */,
				227377571441EF52002EE8B9 /* 00@2x.png */,
			);
			name = Splodges;
			sourceTree = "<group>";
		};
		22700763144186D300935396 /* Board */ = {
			isa = PBXGroup;
			children = (
				22946DD7144589080074C54B /* toolbar.png */,
				22946DD8144589080074C54B /* toolbar@2x.png */,
				227377641441F695002EE8B9 /* guessButton.png */,
				227377651441F695002EE8B9 /* guessButton@2x.png */,
				2273775B1441F1AF002EE8B9 /* blankBoard.png */,
				2273775C1441F1AF002EE8B9 /* blankBoard@2x.png */,
				227008081441E2EB00935396 /* boardBackground.png */,
				227008091441E2EB00935396 /* boardBackground@2x.png */,
			);
			name = Board;
			sourceTree = "<group>";
		};
		2270076814418F9E00935396 /* Cursors */ = {
			isa = PBXGroup;
			children = (
				22373AD814446E1D0085B48D /* splodge-blue.png */,
				22373AD914446E1D0085B48D /* splodge-blue@x2.png */,
				22373ADA14446E1D0085B48D /* splodge-green.png */,
				22373ADB14446E1D0085B48D /* splodge-green@x2.png */,
				22373ADC14446E1D0085B48D /* splodge-red.png */,
				22373ADD14446E1D0085B48D /* splodge-red@x2.png */,
				22373ADE14446E1D0085B48D /* splodge-yellow.png */,
				22373ADF14446E1D0085B48D /* splodge-yellow@x2.png */,
				227007811441979200935396 /* circleCursor.png */,
				227007821441979200935396 /* circleCursor@2x.png */,
				227007831441979200935396 /* triangleCursor.png */,
				227007841441979200935396 /* triangleCursor@2x.png */,
				227007851441979200935396 /* crossCursor.png */,
				227007861441979200935396 /* crossCursor@2x.png */,
				227007871441979200935396 /* squareCursor@.png */,
				227007881441979200935396 /* squareCursor@2x.png */,
				2270077D1441944500935396 /* yellowCursor.png */,
				2270077E1441944500935396 /* yellowCursor@2x.png */,
				22700777144193F300935396 /* redCursor.png */,
				22700778144193F300935396 /* redCursor@2x.png */,
				22700771144192ED00935396 /* greenCursor.png */,
				22700772144192ED00935396 /* greenCursor@2x.png */,
				2270076D1441921C00935396 /* blueCursor.png */,
				2270076E1441921C00935396 /* blueCursor@2x.png */,
			);
			name = Cursors;
			sourceTree = "<group>";
		};
		227007F31441BE4000935396 /* Libraries */ = {
			isa = PBXGroup;
			children = (
				227007F41441BE7100935396 /* DCIntrospect */,
			);
			name = Libraries;
			sourceTree = "<group>";
		};
		227007F41441BE7100935396 /* DCIntrospect */ = {
			isa = PBXGroup;
			children = (
				227007F51441BE7100935396 /* DCCrossHairView.h */,
				227007F61441BE7100935396 /* DCCrossHairView.m */,
				227007F71441BE7100935396 /* DCFrameView.h */,
				227007F81441BE7100935396 /* DCFrameView.m */,
				227007F91441BE7100935396 /* DCIntrospect.h */,
				227007FA1441BE7100935396 /* DCIntrospect.m */,
				227007FB1441BE7100935396 /* DCIntrospectSettings.h */,
				227007FC1441BE7100935396 /* DCStatusBarOverlay.h */,
				227007FD1441BE7100935396 /* DCStatusBarOverlay.m */,
			);
			path = DCIntrospect;
			sourceTree = "<group>";
		};
		22EF3A0F14416F7C007A1BD5 = {
			isa = PBXGroup;
			children = (
				22EF3A2414416F7D007A1BD5 /* NewShapeGame */,
				22EF3A1D14416F7C007A1BD5 /* Frameworks */,
				22EF3A1B14416F7C007A1BD5 /* Products */,
			);
			sourceTree = "<group>";
		};
		22EF3A1B14416F7C007A1BD5 /* Products */ = {
			isa = PBXGroup;
			children = (
				22EF3A1A14416F7C007A1BD5 /* shapegame.app */,
			);
			name = Products;
			sourceTree = "<group>";
		};
		22EF3A1D14416F7C007A1BD5 /* Frameworks */ = {
			isa = PBXGroup;
			children = (
				227008021441BEBA00935396 /* QuartzCore.framework */,
				22EF3A1E14416F7C007A1BD5 /* UIKit.framework */,
				22EF3A2014416F7D007A1BD5 /* Foundation.framework */,
				22EF3A2214416F7D007A1BD5 /* CoreGraphics.framework */,
			);
			name = Frameworks;
			sourceTree = "<group>";
		};
		22EF3A2414416F7D007A1BD5 /* NewShapeGame */ = {
			isa = PBXGroup;
			children = (
				227007F31441BE4000935396 /* Libraries */,
				22EF3A4614417312007A1BD5 /* Assets */,
				22EF3A4114416FDD007A1BD5 /* Objects */,
				22EF3A3E14416F89007A1BD5 /* App controllers */,
				22EF3A4014416FAA007A1BD5 /* View controllers */,
				22EF3A3F14416F99007A1BD5 /* Views */,
				22EF3A2514416F7D007A1BD5 /* Supporting Files */,
			);
			path = NewShapeGame;
			sourceTree = "<group>";
		};
		22EF3A2514416F7D007A1BD5 /* Supporting Files */ = {
			isa = PBXGroup;
			children = (
				22EF3A2614416F7D007A1BD5 /* ShapeGame-Info.plist */,
				22EF3A2714416F7D007A1BD5 /* InfoPlist.strings */,
				22EF3A2A14416F7D007A1BD5 /* main.m */,
				22EF3A2C14416F7D007A1BD5 /* ShapeGame-Prefix.pch */,
			);
			name = "Supporting Files";
			sourceTree = "<group>";
		};
		22EF3A3E14416F89007A1BD5 /* App controllers */ = {
			isa = PBXGroup;
			children = (
				22EF3A2D14416F7D007A1BD5 /* NewShapeGameAppDelegate.h */,
				22EF3A2E14416F7D007A1BD5 /* NewShapeGameAppDelegate.m */,
			);
			name = "App controllers";
			sourceTree = "<group>";
		};
		22EF3A3F14416F99007A1BD5 /* Views */ = {
			isa = PBXGroup;
			children = (
				22EF3A3614416F7D007A1BD5 /* NewShapeGameViewController.xib */,
				22EF3A3014416F7D007A1BD5 /* MainWindow.xib */,
			);
			name = Views;
			sourceTree = "<group>";
		};
		22EF3A4014416FAA007A1BD5 /* View controllers */ = {
			isa = PBXGroup;
			children = (
				22EF3A3314416F7D007A1BD5 /* NewShapeGameViewController.h */,
				22EF3A3414416F7D007A1BD5 /* NewShapeGameViewController.m */,
			);
			name = "View controllers";
			sourceTree = "<group>";
		};
		22EF3A4114416FDD007A1BD5 /* Objects */ = {
			isa = PBXGroup;
			children = (
				22EF3A4314417001007A1BD5 /* BoardCell.h */,
				22EF3A4414417001007A1BD5 /* BoardCell.m */,
			);
			name = Objects;
			sourceTree = "<group>";
		};
		22EF3A4614417312007A1BD5 /* Assets */ = {
			isa = PBXGroup;
			children = (
				2270076814418F9E00935396 /* Cursors */,
				22700763144186D300935396 /* Board */,
				22EF3A8714418379007A1BD5 /* Shapes */,
			);
			name = Assets;
			sourceTree = "<group>";
		};
		22EF3A8714418379007A1BD5 /* Shapes */ = {
			isa = PBXGroup;
			children = (
				22373B4D144471B70085B48D /* Splodges */,
				22373AF8144471B00085B48D /* black */,
				22373B01144471B00085B48D /* blue */,
				22373B0A144471B10085B48D /* green */,
				22373B13144471B10085B48D /* red */,
				22373B1C144471B10085B48D /* yellow */,
			);
			name = Shapes;
			sourceTree = "<group>";
		};
/* End PBXGroup section */

/* Begin PBXNativeTarget section */
		22EF3A1914416F7C007A1BD5 /* ShapeGame */ = {
			isa = PBXNativeTarget;
			buildConfigurationList = 22EF3A3B14416F7D007A1BD5 /* Build configuration list for PBXNativeTarget "ShapeGame" */;
			buildPhases = (
				22EF3A1614416F7C007A1BD5 /* Sources */,
				22EF3A1714416F7C007A1BD5 /* Frameworks */,
				22EF3A1814416F7C007A1BD5 /* Resources */,
			);
			buildRules = (
			);
			dependencies = (
			);
			name = ShapeGame;
			productName = NewShapeGame;
			productReference = 22EF3A1A14416F7C007A1BD5 /* shapegame.app */;
			productType = "com.apple.product-type.application";
		};
/* End PBXNativeTarget section */

/* Begin PBXProject section */
		22EF3A1114416F7C007A1BD5 /* Project object */ = {
			isa = PBXProject;
			attributes = {
				ORGANIZATIONNAME = "Charismatic Megafauna Ltd";
			};
			buildConfigurationList = 22EF3A1414416F7C007A1BD5 /* Build configuration list for PBXProject "ShapeGame" */;
			compatibilityVersion = "Xcode 3.2";
			developmentRegion = English;
			hasScannedForEncodings = 0;
			knownRegions = (
				en,
			);
			mainGroup = 22EF3A0F14416F7C007A1BD5;
			productRefGroup = 22EF3A1B14416F7C007A1BD5 /* Products */;
			projectDirPath = "";
			projectRoot = "";
			targets = (
				22EF3A1914416F7C007A1BD5 /* ShapeGame */,
			);
		};
/* End PBXProject section */

/* Begin PBXResourcesBuildPhase section */
		22EF3A1814416F7C007A1BD5 /* Resources */ = {
			isa = PBXResourcesBuildPhase;
			buildActionMask = 2147483647;
			files = (
				22EF3A2914416F7D007A1BD5 /* InfoPlist.strings in Resources */,
				22EF3A3214416F7D007A1BD5 /* MainWindow.xib in Resources */,
				22EF3A3814416F7D007A1BD5 /* NewShapeGameViewController.xib in Resources */,
				2270076F1441921C00935396 /* blueCursor.png in Resources */,
				227007701441921C00935396 /* blueCursor@2x.png in Resources */,
				22700773144192ED00935396 /* greenCursor.png in Resources */,
				22700774144192ED00935396 /* greenCursor@2x.png in Resources */,
				2270077B144193F300935396 /* redCursor.png in Resources */,
				2270077C144193F300935396 /* redCursor@2x.png in Resources */,
				2270077F1441944500935396 /* yellowCursor.png in Resources */,
				227007801441944500935396 /* yellowCursor@2x.png in Resources */,
				227007891441979200935396 /* circleCursor.png in Resources */,
				2270078A1441979200935396 /* circleCursor@2x.png in Resources */,
				2270078B1441979200935396 /* triangleCursor.png in Resources */,
				2270078C1441979200935396 /* triangleCursor@2x.png in Resources */,
				2270078D1441979200935396 /* crossCursor.png in Resources */,
				2270078E1441979200935396 /* crossCursor@2x.png in Resources */,
				2270078F1441979200935396 /* squareCursor@.png in Resources */,
				227007901441979200935396 /* squareCursor@2x.png in Resources */,
				2270080A1441E2EB00935396 /* boardBackground.png in Resources */,
				2270080B1441E2EB00935396 /* boardBackground@2x.png in Resources */,
				227377581441EF52002EE8B9 /* 00.png in Resources */,
				227377591441EF52002EE8B9 /* 00@2x.png in Resources */,
				2273775D1441F1AF002EE8B9 /* blankBoard.png in Resources */,
				2273775E1441F1B0002EE8B9 /* blankBoard@2x.png in Resources */,
				227377661441F695002EE8B9 /* guessButton.png in Resources */,
				227377671441F695002EE8B9 /* guessButton@2x.png in Resources */,
				22373AE014446E1D0085B48D /* splodge-blue.png in Resources */,
				22373AE114446E1D0085B48D /* splodge-blue@x2.png in Resources */,
				22373AE214446E1D0085B48D /* splodge-green.png in Resources */,
				22373AE314446E1D0085B48D /* splodge-green@x2.png in Resources */,
				22373AE414446E1D0085B48D /* splodge-red.png in Resources */,
				22373AE514446E1D0085B48D /* splodge-red@x2.png in Resources */,
				22373AE614446E1D0085B48D /* splodge-yellow.png in Resources */,
				22373AE714446E1D0085B48D /* splodge-yellow@x2.png in Resources */,
				22373AF014446EC10085B48D /* 10.png in Resources */,
				22373AF114446EC10085B48D /* 10@x2.png in Resources */,
				22373AF214446EC10085B48D /* 20.png in Resources */,
				22373AF314446EC10085B48D /* 20@x2.png in Resources */,
				22373AF414446EC10085B48D /* 30.png in Resources */,
				22373AF514446EC10085B48D /* 30@x2.png in Resources */,
				22373AF614446EC10085B48D /* 40.png in Resources */,
				22373AF714446EC10085B48D /* 40@x2.png in Resources */,
				22373B25144471B10085B48D /* 01.png in Resources */,
				22373B26144471B10085B48D /* 01@x2.png in Resources */,
				22373B27144471B10085B48D /* 02.png in Resources */,
				22373B28144471B10085B48D /* 02@x2.png in Resources */,
				22373B29144471B10085B48D /* 03.png in Resources */,
				22373B2A144471B10085B48D /* 03@x2.png in Resources */,
				22373B2B144471B10085B48D /* 04.png in Resources */,
				22373B2C144471B10085B48D /* 04@x2.png in Resources */,
				22373B2D144471B10085B48D /* 11.png in Resources */,
				22373B2E144471B10085B48D /* 11@x2.png in Resources */,
				22373B2F144471B10085B48D /* 12.png in Resources */,
				22373B30144471B10085B48D /* 12@x2.png in Resources */,
				22373B31144471B10085B48D /* 13.png in Resources */,
				22373B32144471B10085B48D /* 13@x2.png in Resources */,
				22373B33144471B10085B48D /* 14.png in Resources */,
				22373B34144471B10085B48D /* 14@x2.png in Resources */,
				22373B35144471B10085B48D /* 21.png in Resources */,
				22373B36144471B10085B48D /* 21@x2.png in Resources */,
				22373B37144471B10085B48D /* 22.png in Resources */,
				22373B38144471B10085B48D /* 22@x2.png in Resources */,
				22373B39144471B10085B48D /* 23.png in Resources */,
				22373B3A144471B10085B48D /* 23@x2.png in Resources */,
				22373B3B144471B10085B48D /* 24.png in Resources */,
				22373B3C144471B10085B48D /* 24@x2.png in Resources */,
				22373B3D144471B10085B48D /* 31.png in Resources */,
				22373B3E144471B10085B48D /* 31@x2.png in Resources */,
				22373B3F144471B10085B48D /* 32.png in Resources */,
				22373B40144471B10085B48D /* 32@x2.png in Resources */,
				22373B41144471B10085B48D /* 33.png in Resources */,
				22373B42144471B10085B48D /* 33@x2.png in Resources */,
				22373B43144471B10085B48D /* 34.png in Resources */,
				22373B44144471B10085B48D /* 34@x2.png in Resources */,
				22373B45144471B10085B48D /* 41.png in Resources */,
				22373B46144471B10085B48D /* 41@x2.png in Resources */,
				22373B47144471B10085B48D /* 42.png in Resources */,
				22373B48144471B10085B48D /* 42@x2.png in Resources */,
				22373B49144471B10085B48D /* 43.png in Resources */,
				22373B4A144471B10085B48D /* 43@x2.png in Resources */,
				22373B4B144471B10085B48D /* 44.png in Resources */,
				22373B4C144471B10085B48D /* 44@x2.png in Resources */,
				22946DD9144589080074C54B /* toolbar.png in Resources */,
				22946DDA144589080074C54B /* toolbar@2x.png in Resources */,
			);
			runOnlyForDeploymentPostprocessing = 0;
		};
/* End PBXResourcesBuildPhase section */

/* Begin PBXSourcesBuildPhase section */
		22EF3A1614416F7C007A1BD5 /* Sources */ = {
			isa = PBXSourcesBuildPhase;
			buildActionMask = 2147483647;
			files = (
				22EF3A2B14416F7D007A1BD5 /* main.m in Sources */,
				22EF3A2F14416F7D007A1BD5 /* NewShapeGameAppDelegate.m in Sources */,
				22EF3A3514416F7D007A1BD5 /* NewShapeGameViewController.m in Sources */,
				22EF3A4514417001007A1BD5 /* BoardCell.m in Sources */,
				227007FE1441BE7100935396 /* DCCrossHairView.m in Sources */,
				227007FF1441BE7100935396 /* DCFrameView.m in Sources */,
				227008001441BE7100935396 /* DCIntrospect.m in Sources */,
				227008011441BE7100935396 /* DCStatusBarOverlay.m in Sources */,
			);
			runOnlyForDeploymentPostprocessing = 0;
		};
/* End PBXSourcesBuildPhase section */

/* Begin PBXVariantGroup section */
		22EF3A2714416F7D007A1BD5 /* InfoPlist.strings */ = {
			isa = PBXVariantGroup;
			children = (
				22EF3A2814416F7D007A1BD5 /* en */,
			);
			name = InfoPlist.strings;
			sourceTree = "<group>";
		};
		22EF3A3014416F7D007A1BD5 /* MainWindow.xib */ = {
			isa = PBXVariantGroup;
			children = (
				22EF3A3114416F7D007A1BD5 /* en */,
			);
			name = MainWindow.xib;
			sourceTree = "<group>";
		};
		22EF3A3614416F7D007A1BD5 /* NewShapeGameViewController.xib */ = {
			isa = PBXVariantGroup;
			children = (
				22EF3A3714416F7D007A1BD5 /* en */,
			);
			name = NewShapeGameViewController.xib;
			sourceTree = "<group>";
		};
/* End PBXVariantGroup section */

/* Begin XCBuildConfiguration section */
		2273776814420CF3002EE8B9 /* Ad-Hoc distribution */ = {
			isa = XCBuildConfiguration;
			buildSettings = {
				ALWAYS_SEARCH_USER_PATHS = NO;
				ARCHS = "$(ARCHS_STANDARD_32_BIT)";
				"CODE_SIGN_IDENTITY[sdk=iphoneos*]" = "iPhone Distribution: Tim Duckett";
				COPY_PHASE_STRIP = YES;
				GCC_C_LANGUAGE_STANDARD = gnu99;
				GCC_VERSION = com.apple.compilers.llvmgcc42;
				GCC_WARN_ABOUT_MISSING_PROTOTYPES = YES;
				GCC_WARN_ABOUT_RETURN_TYPE = YES;
				GCC_WARN_UNUSED_VARIABLE = YES;
				IPHONEOS_DEPLOYMENT_TARGET = 4.3;
				OTHER_CFLAGS = "-DNS_BLOCK_ASSERTIONS=1";
				"PROVISIONING_PROFILE[sdk=iphoneos*]" = "BBCFA123-19DE-4178-B46F-931971857393";
				SDKROOT = iphoneos;
				VALIDATE_PRODUCT = YES;
			};
			name = "Ad-Hoc distribution";
		};
		2273776914420CF3002EE8B9 /* Ad-Hoc distribution */ = {
			isa = XCBuildConfiguration;
			buildSettings = {
				GCC_PRECOMPILE_PREFIX_HEADER = YES;
				GCC_PREFIX_HEADER = "NewShapeGame/ShapeGame-Prefix.pch";
				INFOPLIST_FILE = "NewShapeGame/ShapeGame-Info.plist";
				PRODUCT_NAME = shapegame;
				WRAPPER_EXTENSION = app;
			};
			name = "Ad-Hoc distribution";
		};
		22EF3A3914416F7D007A1BD5 /* Debug */ = {
			isa = XCBuildConfiguration;
			buildSettings = {
				ALWAYS_SEARCH_USER_PATHS = NO;
				ARCHS = "$(ARCHS_STANDARD_32_BIT)";
				"CODE_SIGN_IDENTITY[sdk=iphoneos*]" = "iPhone Developer";
				COPY_PHASE_STRIP = NO;
				GCC_C_LANGUAGE_STANDARD = gnu99;
				GCC_DYNAMIC_NO_PIC = NO;
				GCC_OPTIMIZATION_LEVEL = 0;
				GCC_PREPROCESSOR_DEFINITIONS = (
					"DEBUG=1",
					"$(inherited)",
				);
				GCC_SYMBOLS_PRIVATE_EXTERN = NO;
				GCC_VERSION = com.apple.compilers.llvmgcc42;
				GCC_WARN_ABOUT_MISSING_PROTOTYPES = YES;
				GCC_WARN_ABOUT_RETURN_TYPE = YES;
				GCC_WARN_UNUSED_VARIABLE = YES;
				IPHONEOS_DEPLOYMENT_TARGET = 4.3;
				SDKROOT = iphoneos;
			};
			name = Debug;
		};
		22EF3A3A14416F7D007A1BD5 /* Release */ = {
			isa = XCBuildConfiguration;
			buildSettings = {
				ALWAYS_SEARCH_USER_PATHS = NO;
				ARCHS = "$(ARCHS_STANDARD_32_BIT)";
				"CODE_SIGN_IDENTITY[sdk=iphoneos*]" = "iPhone Developer";
				COPY_PHASE_STRIP = YES;
				GCC_C_LANGUAGE_STANDARD = gnu99;
				GCC_VERSION = com.apple.compilers.llvmgcc42;
				GCC_WARN_ABOUT_MISSING_PROTOTYPES = YES;
				GCC_WARN_ABOUT_RETURN_TYPE = YES;
				GCC_WARN_UNUSED_VARIABLE = YES;
				IPHONEOS_DEPLOYMENT_TARGET = 4.3;
				OTHER_CFLAGS = "-DNS_BLOCK_ASSERTIONS=1";
				SDKROOT = iphoneos;
				VALIDATE_PRODUCT = YES;
			};
			name = Release;
		};
		22EF3A3C14416F7D007A1BD5 /* Debug */ = {
			isa = XCBuildConfiguration;
			buildSettings = {
				GCC_PRECOMPILE_PREFIX_HEADER = YES;
				GCC_PREFIX_HEADER = "NewShapeGame/ShapeGame-Prefix.pch";
				INFOPLIST_FILE = "NewShapeGame/ShapeGame-Info.plist";
				PRODUCT_NAME = shapegame;
				WRAPPER_EXTENSION = app;
			};
			name = Debug;
		};
		22EF3A3D14416F7D007A1BD5 /* Release */ = {
			isa = XCBuildConfiguration;
			buildSettings = {
				GCC_PRECOMPILE_PREFIX_HEADER = YES;
				GCC_PREFIX_HEADER = "NewShapeGame/ShapeGame-Prefix.pch";
				INFOPLIST_FILE = "NewShapeGame/ShapeGame-Info.plist";
				PRODUCT_NAME = shapegame;
				WRAPPER_EXTENSION = app;
			};
			name = Release;
		};
/* End XCBuildConfiguration section */

/* Begin XCConfigurationList section */
		22EF3A1414416F7C007A1BD5 /* Build configuration list for PBXProject "ShapeGame" */ = {
			isa = XCConfigurationList;
			buildConfigurations = (
				22EF3A3914416F7D007A1BD5 /* Debug */,
				22EF3A3A14416F7D007A1BD5 /* Release */,
				2273776814420CF3002EE8B9 /* Ad-Hoc distribution */,
			);
			defaultConfigurationIsVisible = 0;
			defaultConfigurationName = Release;
		};
		22EF3A3B14416F7D007A1BD5 /* Build configuration list for PBXNativeTarget "ShapeGame" */ = {
			isa = XCConfigurationList;
			buildConfigurations = (
				22EF3A3C14416F7D007A1BD5 /* Debug */,
				22EF3A3D14416F7D007A1BD5 /* Release */,
				2273776914420CF3002EE8B9 /* Ad-Hoc distribution */,
			);
			defaultConfigurationIsVisible = 0;
			defaultConfigurationName = Release;
		};
/* End XCConfigurationList section */
	};
	rootObject = 22EF3A1114416F7C007A1BD5 /* Project object */;
}
