// !$*UTF8*$!
{
	archiveVersion = 1;
	classes = {
	};
	objectVersion = 46;
	objects = {

/* Begin PBXBuildFile section */
		22700766144186E600935396 /* toolBar.png in Resources */ = {isa = PBXBuildFile; fileRef = 22700764144186E600935396 /* toolBar.png */; };
		22700767144186E600935396 /* toolBar@2x.png in Resources */ = {isa = PBXBuildFile; fileRef = 22700765144186E600935396 /* toolBar@2x.png */; };
		2270076F1441921C00935396 /* blueCursor.png in Resources */ = {isa = PBXBuildFile; fileRef = 2270076D1441921C00935396 /* blueCursor.png */; };
		227007701441921C00935396 /* blueCursor@2x.png in Resources */ = {isa = PBXBuildFile; fileRef = 2270076E1441921C00935396 /* blueCursor@2x.png */; };
		22700773144192ED00935396 /* greenCursor.png in Resources */ = {isa = PBXBuildFile; fileRef = 22700771144192ED00935396 /* greenCursor.png */; };
		22700774144192ED00935396 /* greenCursor@2x.png in Resources */ = {isa = PBXBuildFile; fileRef = 22700772144192ED00935396 /* greenCursor@2x.png */; };
		2270077B144193F300935396 /* redCursor.png in Resources */ = {isa = PBXBuildFile; fileRef = 22700777144193F300935396 /* redCursor.png */; };
		2270077C144193F300935396 /* redCursor@2x.png in Resources */ = {isa = PBXBuildFile; fileRef = 22700778144193F300935396 /* redCursor@2x.png */; };
		2270077F1441944500935396 /* yellowCursor.png in Resources */ = {isa = PBXBuildFile; fileRef = 2270077D1441944500935396 /* yellowCursor.png */; };
		227007801441944500935396 /* yellowCursor@2x.png in Resources */ = {isa = PBXBuildFile; fileRef = 2270077E1441944500935396 /* yellowCursor@2x.png */; };
		227007891441979200935396 /* circleCursor.png in Resources */ = {isa = PBXBuildFile; fileRef = 227007811441979200935396 /* circleCursor.png */; };
		2270078A1441979200935396 /* circleCursor@2x.png in Resources */ = {isa = PBXBuildFile; fileRef = 227007821441979200935396 /* circleCursor@2x.png */; };
		2270078B1441979200935396 /* triangleCursor.png in Resources */ = {isa = PBXBuildFile; fileRef = 227007831441979200935396 /* triangleCursor.png */; };
		2270078C1441979200935396 /* triangleCursor@2x.png in Resources */ = {isa = PBXBuildFile; fileRef = 227007841441979200935396 /* triangleCursor@2x.png */; };
		2270078D1441979200935396 /* crossCursor.png in Resources */ = {isa = PBXBuildFile; fileRef = 227007851441979200935396 /* crossCursor.png */; };
		2270078E1441979200935396 /* crossCursor@2x.png in Resources */ = {isa = PBXBuildFile; fileRef = 227007861441979200935396 /* crossCursor@2x.png */; };
		2270078F1441979200935396 /* squareCursor@.png in Resources */ = {isa = PBXBuildFile; fileRef = 227007871441979200935396 /* squareCursor@.png */; };
		227007901441979200935396 /* squareCursor@2x.png in Resources */ = {isa = PBXBuildFile; fileRef = 227007881441979200935396 /* squareCursor@2x.png */; };
		227007B71441B87C00935396 /* 01.png in Resources */ = {isa = PBXBuildFile; fileRef = 227007911441B87C00935396 /* 01.png */; };
		227007B81441B87C00935396 /* 01@2x.png in Resources */ = {isa = PBXBuildFile; fileRef = 227007921441B87C00935396 /* 01@2x.png */; };
		227007BB1441B87C00935396 /* 04.png in Resources */ = {isa = PBXBuildFile; fileRef = 227007951441B87C00935396 /* 04.png */; };
		227007BC1441B87C00935396 /* 04@2x.png in Resources */ = {isa = PBXBuildFile; fileRef = 227007961441B87C00935396 /* 04@2x.png */; };
		227007BD1441B87C00935396 /* 11.png in Resources */ = {isa = PBXBuildFile; fileRef = 227007971441B87C00935396 /* 11.png */; };
		227007BE1441B87C00935396 /* 11@2x.png in Resources */ = {isa = PBXBuildFile; fileRef = 227007981441B87C00935396 /* 11@2x.png */; };
		227007C11441B87C00935396 /* 13.png in Resources */ = {isa = PBXBuildFile; fileRef = 2270079B1441B87C00935396 /* 13.png */; };
		227007C21441B87C00935396 /* 13@2x.png in Resources */ = {isa = PBXBuildFile; fileRef = 2270079C1441B87C00935396 /* 13@2x.png */; };
		227007C31441B87C00935396 /* 14.png in Resources */ = {isa = PBXBuildFile; fileRef = 2270079D1441B87C00935396 /* 14.png */; };
		227007C41441B87C00935396 /* 14@2x.png in Resources */ = {isa = PBXBuildFile; fileRef = 2270079E1441B87C00935396 /* 14@2x.png */; };
		227007C51441B87C00935396 /* 21.png in Resources */ = {isa = PBXBuildFile; fileRef = 2270079F1441B87C00935396 /* 21.png */; };
		227007C61441B87C00935396 /* 21@2x.png in Resources */ = {isa = PBXBuildFile; fileRef = 227007A01441B87C00935396 /* 21@2x.png */; };
		227007C91441B87C00935396 /* 23.png in Resources */ = {isa = PBXBuildFile; fileRef = 227007A31441B87C00935396 /* 23.png */; };
		227007CA1441B87C00935396 /* 23@2x.png in Resources */ = {isa = PBXBuildFile; fileRef = 227007A41441B87C00935396 /* 23@2x.png */; };
		227007CB1441B87C00935396 /* 24.png in Resources */ = {isa = PBXBuildFile; fileRef = 227007A51441B87C00935396 /* 24.png */; };
		227007CC1441B87C00935396 /* 24@2x.png in Resources */ = {isa = PBXBuildFile; fileRef = 227007A61441B87C00935396 /* 24@2x.png */; };
		227007CD1441B87C00935396 /* 31.png in Resources */ = {isa = PBXBuildFile; fileRef = 227007A71441B87C00935396 /* 31.png */; };
		227007CE1441B87C00935396 /* 31@2x.png in Resources */ = {isa = PBXBuildFile; fileRef = 227007A81441B87C00935396 /* 31@2x.png */; };
		227007D11441B87C00935396 /* 33.png in Resources */ = {isa = PBXBuildFile; fileRef = 227007AB1441B87C00935396 /* 33.png */; };
		227007D21441B87C00935396 /* 33@2x.png in Resources */ = {isa = PBXBuildFile; fileRef = 227007AC1441B87C00935396 /* 33@2x.png */; };
		227007D31441B87C00935396 /* 34.png in Resources */ = {isa = PBXBuildFile; fileRef = 227007AD1441B87C00935396 /* 34.png */; };
		227007D41441B87C00935396 /* 34@2x.png in Resources */ = {isa = PBXBuildFile; fileRef = 227007AE1441B87C00935396 /* 34@2x.png */; };
		227007D51441B87C00935396 /* 41.png in Resources */ = {isa = PBXBuildFile; fileRef = 227007AF1441B87C00935396 /* 41.png */; };
		227007D61441B87C00935396 /* 41@2x.png in Resources */ = {isa = PBXBuildFile; fileRef = 227007B01441B87C00935396 /* 41@2x.png */; };
		227007D91441B87C00935396 /* 43.png in Resources */ = {isa = PBXBuildFile; fileRef = 227007B31441B87C00935396 /* 43.png */; };
		227007DA1441B87C00935396 /* 43@2x.png in Resources */ = {isa = PBXBuildFile; fileRef = 227007B41441B87C00935396 /* 43@2x.png */; };
		227007DB1441B87C00935396 /* 44.png in Resources */ = {isa = PBXBuildFile; fileRef = 227007B51441B87C00935396 /* 44.png */; };
		227007DC1441B87C00935396 /* 44@2x.png in Resources */ = {isa = PBXBuildFile; fileRef = 227007B61441B87C00935396 /* 44@2x.png */; };
		227007E91441BAB900935396 /* 02.png in Resources */ = {isa = PBXBuildFile; fileRef = 227007DF1441BAB900935396 /* 02.png */; };
		227007EA1441BAB900935396 /* 02@2x.png in Resources */ = {isa = PBXBuildFile; fileRef = 227007E01441BAB900935396 /* 02@2x.png */; };
		227007EB1441BAB900935396 /* 12.png in Resources */ = {isa = PBXBuildFile; fileRef = 227007E11441BAB900935396 /* 12.png */; };
		227007EC1441BAB900935396 /* 12@2x.png in Resources */ = {isa = PBXBuildFile; fileRef = 227007E21441BAB900935396 /* 12@2x.png */; };
		227007ED1441BAB900935396 /* 22.png in Resources */ = {isa = PBXBuildFile; fileRef = 227007E31441BAB900935396 /* 22.png */; };
		227007EE1441BAB900935396 /* 22@2x.png in Resources */ = {isa = PBXBuildFile; fileRef = 227007E41441BAB900935396 /* 22@2x.png */; };
		227007EF1441BAB900935396 /* 32.png in Resources */ = {isa = PBXBuildFile; fileRef = 227007E51441BAB900935396 /* 32.png */; };
		227007F01441BAB900935396 /* 32@2x.png in Resources */ = {isa = PBXBuildFile; fileRef = 227007E61441BAB900935396 /* 32@2x.png */; };
		227007F11441BAB900935396 /* 42.png in Resources */ = {isa = PBXBuildFile; fileRef = 227007E71441BAB900935396 /* 42.png */; };
		227007F21441BAB900935396 /* 42@2x.png in Resources */ = {isa = PBXBuildFile; fileRef = 227007E81441BAB900935396 /* 42@2x.png */; };
		227007FE1441BE7100935396 /* DCCrossHairView.m in Sources */ = {isa = PBXBuildFile; fileRef = 227007F61441BE7100935396 /* DCCrossHairView.m */; };
		227007FF1441BE7100935396 /* DCFrameView.m in Sources */ = {isa = PBXBuildFile; fileRef = 227007F81441BE7100935396 /* DCFrameView.m */; };
		227008001441BE7100935396 /* DCIntrospect.m in Sources */ = {isa = PBXBuildFile; fileRef = 227007FA1441BE7100935396 /* DCIntrospect.m */; };
		227008011441BE7100935396 /* DCStatusBarOverlay.m in Sources */ = {isa = PBXBuildFile; fileRef = 227007FD1441BE7100935396 /* DCStatusBarOverlay.m */; };
		227008031441BEBA00935396 /* QuartzCore.framework in Frameworks */ = {isa = PBXBuildFile; fileRef = 227008021441BEBA00935396 /* QuartzCore.framework */; };
		2270080A1441E2EB00935396 /* boardBackground.png in Resources */ = {isa = PBXBuildFile; fileRef = 227008081441E2EB00935396 /* boardBackground.png */; };
		2270080B1441E2EB00935396 /* boardBackground@2x.png in Resources */ = {isa = PBXBuildFile; fileRef = 227008091441E2EB00935396 /* boardBackground@2x.png */; };
		22EF3A1F14416F7D007A1BD5 /* UIKit.framework in Frameworks */ = {isa = PBXBuildFile; fileRef = 22EF3A1E14416F7C007A1BD5 /* UIKit.framework */; };
		22EF3A2114416F7D007A1BD5 /* Foundation.framework in Frameworks */ = {isa = PBXBuildFile; fileRef = 22EF3A2014416F7D007A1BD5 /* Foundation.framework */; };
		22EF3A2314416F7D007A1BD5 /* CoreGraphics.framework in Frameworks */ = {isa = PBXBuildFile; fileRef = 22EF3A2214416F7D007A1BD5 /* CoreGraphics.framework */; };
		22EF3A2914416F7D007A1BD5 /* InfoPlist.strings in Resources */ = {isa = PBXBuildFile; fileRef = 22EF3A2714416F7D007A1BD5 /* InfoPlist.strings */; };
		22EF3A2B14416F7D007A1BD5 /* main.m in Sources */ = {isa = PBXBuildFile; fileRef = 22EF3A2A14416F7D007A1BD5 /* main.m */; };
		22EF3A2F14416F7D007A1BD5 /* NewShapeGameAppDelegate.m in Sources */ = {isa = PBXBuildFile; fileRef = 22EF3A2E14416F7D007A1BD5 /* NewShapeGameAppDelegate.m */; };
		22EF3A3214416F7D007A1BD5 /* MainWindow.xib in Resources */ = {isa = PBXBuildFile; fileRef = 22EF3A3014416F7D007A1BD5 /* MainWindow.xib */; };
		22EF3A3514416F7D007A1BD5 /* NewShapeGameViewController.m in Sources */ = {isa = PBXBuildFile; fileRef = 22EF3A3414416F7D007A1BD5 /* NewShapeGameViewController.m */; };
		22EF3A3814416F7D007A1BD5 /* NewShapeGameViewController.xib in Resources */ = {isa = PBXBuildFile; fileRef = 22EF3A3614416F7D007A1BD5 /* NewShapeGameViewController.xib */; };
		22EF3A4514417001007A1BD5 /* BoardCell.m in Sources */ = {isa = PBXBuildFile; fileRef = 22EF3A4414417001007A1BD5 /* BoardCell.m */; };
/* End PBXBuildFile section */

/* Begin PBXFileReference section */
		22700764144186E600935396 /* toolBar.png */ = {isa = PBXFileReference; lastKnownFileType = image.png; path = toolBar.png; sourceTree = "<group>"; };
		22700765144186E600935396 /* toolBar@2x.png */ = {isa = PBXFileReference; lastKnownFileType = image.png; path = "toolBar@2x.png"; sourceTree = "<group>"; };
		2270076D1441921C00935396 /* blueCursor.png */ = {isa = PBXFileReference; lastKnownFileType = image.png; path = blueCursor.png; sourceTree = "<group>"; };
		2270076E1441921C00935396 /* blueCursor@2x.png */ = {isa = PBXFileReference; lastKnownFileType = image.png; path = "blueCursor@2x.png"; sourceTree = "<group>"; };
		22700771144192ED00935396 /* greenCursor.png */ = {isa = PBXFileReference; lastKnownFileType = image.png; path = greenCursor.png; sourceTree = "<group>"; };
		22700772144192ED00935396 /* greenCursor@2x.png */ = {isa = PBXFileReference; lastKnownFileType = image.png; path = "greenCursor@2x.png"; sourceTree = "<group>"; };
		22700777144193F300935396 /* redCursor.png */ = {isa = PBXFileReference; lastKnownFileType = image.png; path = redCursor.png; sourceTree = "<group>"; };
		22700778144193F300935396 /* redCursor@2x.png */ = {isa = PBXFileReference; lastKnownFileType = image.png; path = "redCursor@2x.png"; sourceTree = "<group>"; };
		2270077D1441944500935396 /* yellowCursor.png */ = {isa = PBXFileReference; lastKnownFileType = image.png; path = yellowCursor.png; sourceTree = "<group>"; };
		2270077E1441944500935396 /* yellowCursor@2x.png */ = {isa = PBXFileReference; lastKnownFileType = image.png; path = "yellowCursor@2x.png"; sourceTree = "<group>"; };
		227007811441979200935396 /* circleCursor.png */ = {isa = PBXFileReference; lastKnownFileType = image.png; path = circleCursor.png; sourceTree = "<group>"; };
		227007821441979200935396 /* circleCursor@2x.png */ = {isa = PBXFileReference; lastKnownFileType = image.png; path = "circleCursor@2x.png"; sourceTree = "<group>"; };
		227007831441979200935396 /* triangleCursor.png */ = {isa = PBXFileReference; lastKnownFileType = image.png; path = triangleCursor.png; sourceTree = "<group>"; };
		227007841441979200935396 /* triangleCursor@2x.png */ = {isa = PBXFileReference; lastKnownFileType = image.png; path = "triangleCursor@2x.png"; sourceTree = "<group>"; };
		227007851441979200935396 /* crossCursor.png */ = {isa = PBXFileReference; lastKnownFileType = image.png; path = crossCursor.png; sourceTree = "<group>"; };
		227007861441979200935396 /* crossCursor@2x.png */ = {isa = PBXFileReference; lastKnownFileType = image.png; path = "crossCursor@2x.png"; sourceTree = "<group>"; };
		227007871441979200935396 /* squareCursor@.png */ = {isa = PBXFileReference; lastKnownFileType = image.png; path = "squareCursor@.png"; sourceTree = "<group>"; };
		227007881441979200935396 /* squareCursor@2x.png */ = {isa = PBXFileReference; lastKnownFileType = image.png; path = "squareCursor@2x.png"; sourceTree = "<group>"; };
		227007911441B87C00935396 /* 01.png */ = {isa = PBXFileReference; lastKnownFileType = image.png; path = 01.png; sourceTree = "<group>"; };
		227007921441B87C00935396 /* 01@2x.png */ = {isa = PBXFileReference; lastKnownFileType = image.png; path = "01@2x.png"; sourceTree = "<group>"; };
		227007951441B87C00935396 /* 04.png */ = {isa = PBXFileReference; lastKnownFileType = image.png; path = 04.png; sourceTree = "<group>"; };
		227007961441B87C00935396 /* 04@2x.png */ = {isa = PBXFileReference; lastKnownFileType = image.png; path = "04@2x.png"; sourceTree = "<group>"; };
		227007971441B87C00935396 /* 11.png */ = {isa = PBXFileReference; lastKnownFileType = image.png; path = 11.png; sourceTree = "<group>"; };
		227007981441B87C00935396 /* 11@2x.png */ = {isa = PBXFileReference; lastKnownFileType = image.png; path = "11@2x.png"; sourceTree = "<group>"; };
		2270079B1441B87C00935396 /* 13.png */ = {isa = PBXFileReference; lastKnownFileType = image.png; path = 13.png; sourceTree = "<group>"; };
		2270079C1441B87C00935396 /* 13@2x.png */ = {isa = PBXFileReference; lastKnownFileType = image.png; path = "13@2x.png"; sourceTree = "<group>"; };
		2270079D1441B87C00935396 /* 14.png */ = {isa = PBXFileReference; lastKnownFileType = image.png; path = 14.png; sourceTree = "<group>"; };
		2270079E1441B87C00935396 /* 14@2x.png */ = {isa = PBXFileReference; lastKnownFileType = image.png; path = "14@2x.png"; sourceTree = "<group>"; };
		2270079F1441B87C00935396 /* 21.png */ = {isa = PBXFileReference; lastKnownFileType = image.png; path = 21.png; sourceTree = "<group>"; };
		227007A01441B87C00935396 /* 21@2x.png */ = {isa = PBXFileReference; lastKnownFileType = image.png; path = "21@2x.png"; sourceTree = "<group>"; };
		227007A31441B87C00935396 /* 23.png */ = {isa = PBXFileReference; lastKnownFileType = image.png; path = 23.png; sourceTree = "<group>"; };
		227007A41441B87C00935396 /* 23@2x.png */ = {isa = PBXFileReference; lastKnownFileType = image.png; path = "23@2x.png"; sourceTree = "<group>"; };
		227007A51441B87C00935396 /* 24.png */ = {isa = PBXFileReference; lastKnownFileType = image.png; path = 24.png; sourceTree = "<group>"; };
		227007A61441B87C00935396 /* 24@2x.png */ = {isa = PBXFileReference; lastKnownFileType = image.png; path = "24@2x.png"; sourceTree = "<group>"; };
		227007A71441B87C00935396 /* 31.png */ = {isa = PBXFileReference; lastKnownFileType = image.png; path = 31.png; sourceTree = "<group>"; };
		227007A81441B87C00935396 /* 31@2x.png */ = {isa = PBXFileReference; lastKnownFileType = image.png; path = "31@2x.png"; sourceTree = "<group>"; };
		227007AB1441B87C00935396 /* 33.png */ = {isa = PBXFileReference; lastKnownFileType = image.png; path = 33.png; sourceTree = "<group>"; };
		227007AC1441B87C00935396 /* 33@2x.png */ = {isa = PBXFileReference; lastKnownFileType = image.png; path = "33@2x.png"; sourceTree = "<group>"; };
		227007AD1441B87C00935396 /* 34.png */ = {isa = PBXFileReference; lastKnownFileType = image.png; path = 34.png; sourceTree = "<group>"; };
		227007AE1441B87C00935396 /* 34@2x.png */ = {isa = PBXFileReference; lastKnownFileType = image.png; path = "34@2x.png"; sourceTree = "<group>"; };
		227007AF1441B87C00935396 /* 41.png */ = {isa = PBXFileReference; lastKnownFileType = image.png; path = 41.png; sourceTree = "<group>"; };
		227007B01441B87C00935396 /* 41@2x.png */ = {isa = PBXFileReference; lastKnownFileType = image.png; path = "41@2x.png"; sourceTree = "<group>"; };
		227007B31441B87C00935396 /* 43.png */ = {isa = PBXFileReference; lastKnownFileType = image.png; path = 43.png; sourceTree = "<group>"; };
		227007B41441B87C00935396 /* 43@2x.png */ = {isa = PBXFileReference; lastKnownFileType = image.png; path = "43@2x.png"; sourceTree = "<group>"; };
		227007B51441B87C00935396 /* 44.png */ = {isa = PBXFileReference; lastKnownFileType = image.png; path = 44.png; sourceTree = "<group>"; };
		227007B61441B87C00935396 /* 44@2x.png */ = {isa = PBXFileReference; lastKnownFileType = image.png; path = "44@2x.png"; sourceTree = "<group>"; };
		227007DF1441BAB900935396 /* 02.png */ = {isa = PBXFileReference; lastKnownFileType = image.png; path = 02.png; sourceTree = "<group>"; };
		227007E01441BAB900935396 /* 02@2x.png */ = {isa = PBXFileReference; lastKnownFileType = image.png; path = "02@2x.png"; sourceTree = "<group>"; };
		227007E11441BAB900935396 /* 12.png */ = {isa = PBXFileReference; lastKnownFileType = image.png; path = 12.png; sourceTree = "<group>"; };
		227007E21441BAB900935396 /* 12@2x.png */ = {isa = PBXFileReference; lastKnownFileType = image.png; path = "12@2x.png"; sourceTree = "<group>"; };
		227007E31441BAB900935396 /* 22.png */ = {isa = PBXFileReference; lastKnownFileType = image.png; path = 22.png; sourceTree = "<group>"; };
		227007E41441BAB900935396 /* 22@2x.png */ = {isa = PBXFileReference; lastKnownFileType = image.png; path = "22@2x.png"; sourceTree = "<group>"; };
		227007E51441BAB900935396 /* 32.png */ = {isa = PBXFileReference; lastKnownFileType = image.png; path = 32.png; sourceTree = "<group>"; };
		227007E61441BAB900935396 /* 32@2x.png */ = {isa = PBXFileReference; lastKnownFileType = image.png; path = "32@2x.png"; sourceTree = "<group>"; };
		227007E71441BAB900935396 /* 42.png */ = {isa = PBXFileReference; lastKnownFileType = image.png; path = 42.png; sourceTree = "<group>"; };
		227007E81441BAB900935396 /* 42@2x.png */ = {isa = PBXFileReference; lastKnownFileType = image.png; path = "42@2x.png"; sourceTree = "<group>"; };
		227007F51441BE7100935396 /* DCCrossHairView.h */ = {isa = PBXFileReference; fileEncoding = 4; lastKnownFileType = sourcecode.c.h; path = DCCrossHairView.h; sourceTree = "<group>"; };
		227007F61441BE7100935396 /* DCCrossHairView.m */ = {isa = PBXFileReference; fileEncoding = 4; lastKnownFileType = sourcecode.c.objc; path = DCCrossHairView.m; sourceTree = "<group>"; };
		227007F71441BE7100935396 /* DCFrameView.h */ = {isa = PBXFileReference; fileEncoding = 4; lastKnownFileType = sourcecode.c.h; path = DCFrameView.h; sourceTree = "<group>"; };
		227007F81441BE7100935396 /* DCFrameView.m */ = {isa = PBXFileReference; fileEncoding = 4; lastKnownFileType = sourcecode.c.objc; path = DCFrameView.m; sourceTree = "<group>"; };
		227007F91441BE7100935396 /* DCIntrospect.h */ = {isa = PBXFileReference; fileEncoding = 4; lastKnownFileType = sourcecode.c.h; path = DCIntrospect.h; sourceTree = "<group>"; };
		227007FA1441BE7100935396 /* DCIntrospect.m */ = {isa = PBXFileReference; fileEncoding = 4; lastKnownFileType = sourcecode.c.objc; path = DCIntrospect.m; sourceTree = "<group>"; };
		227007FB1441BE7100935396 /* DCIntrospectSettings.h */ = {isa = PBXFileReference; fileEncoding = 4; lastKnownFileType = sourcecode.c.h; path = DCIntrospectSettings.h; sourceTree = "<group>"; };
		227007FC1441BE7100935396 /* DCStatusBarOverlay.h */ = {isa = PBXFileReference; fileEncoding = 4; lastKnownFileType = sourcecode.c.h; path = DCStatusBarOverlay.h; sourceTree = "<group>"; };
		227007FD1441BE7100935396 /* DCStatusBarOverlay.m */ = {isa = PBXFileReference; fileEncoding = 4; lastKnownFileType = sourcecode.c.objc; path = DCStatusBarOverlay.m; sourceTree = "<group>"; };
		227008021441BEBA00935396 /* QuartzCore.framework */ = {isa = PBXFileReference; lastKnownFileType = wrapper.framework; name = QuartzCore.framework; path = System/Library/Frameworks/QuartzCore.framework; sourceTree = SDKROOT; };
		227008081441E2EB00935396 /* boardBackground.png */ = {isa = PBXFileReference; lastKnownFileType = image.png; path = boardBackground.png; sourceTree = "<group>"; };
		227008091441E2EB00935396 /* boardBackground@2x.png */ = {isa = PBXFileReference; lastKnownFileType = image.png; path = "boardBackground@2x.png"; sourceTree = "<group>"; };
		22EF3A1A14416F7C007A1BD5 /* NewShapeGame.app */ = {isa = PBXFileReference; explicitFileType = wrapper.application; includeInIndex = 0; path = NewShapeGame.app; sourceTree = BUILT_PRODUCTS_DIR; };
		22EF3A1E14416F7C007A1BD5 /* UIKit.framework */ = {isa = PBXFileReference; lastKnownFileType = wrapper.framework; name = UIKit.framework; path = System/Library/Frameworks/UIKit.framework; sourceTree = SDKROOT; };
		22EF3A2014416F7D007A1BD5 /* Foundation.framework */ = {isa = PBXFileReference; lastKnownFileType = wrapper.framework; name = Foundation.framework; path = System/Library/Frameworks/Foundation.framework; sourceTree = SDKROOT; };
		22EF3A2214416F7D007A1BD5 /* CoreGraphics.framework */ = {isa = PBXFileReference; lastKnownFileType = wrapper.framework; name = CoreGraphics.framework; path = System/Library/Frameworks/CoreGraphics.framework; sourceTree = SDKROOT; };
		22EF3A2614416F7D007A1BD5 /* NewShapeGame-Info.plist */ = {isa = PBXFileReference; lastKnownFileType = text.plist.xml; path = "NewShapeGame-Info.plist"; sourceTree = "<group>"; };
		22EF3A2814416F7D007A1BD5 /* en */ = {isa = PBXFileReference; lastKnownFileType = text.plist.strings; name = en; path = en.lproj/InfoPlist.strings; sourceTree = "<group>"; };
		22EF3A2A14416F7D007A1BD5 /* main.m */ = {isa = PBXFileReference; lastKnownFileType = sourcecode.c.objc; path = main.m; sourceTree = "<group>"; };
		22EF3A2C14416F7D007A1BD5 /* NewShapeGame-Prefix.pch */ = {isa = PBXFileReference; lastKnownFileType = sourcecode.c.h; path = "NewShapeGame-Prefix.pch"; sourceTree = "<group>"; };
		22EF3A2D14416F7D007A1BD5 /* NewShapeGameAppDelegate.h */ = {isa = PBXFileReference; lastKnownFileType = sourcecode.c.h; path = NewShapeGameAppDelegate.h; sourceTree = "<group>"; };
		22EF3A2E14416F7D007A1BD5 /* NewShapeGameAppDelegate.m */ = {isa = PBXFileReference; lastKnownFileType = sourcecode.c.objc; path = NewShapeGameAppDelegate.m; sourceTree = "<group>"; };
		22EF3A3114416F7D007A1BD5 /* en */ = {isa = PBXFileReference; lastKnownFileType = file.xib; name = en; path = en.lproj/MainWindow.xib; sourceTree = "<group>"; };
		22EF3A3314416F7D007A1BD5 /* NewShapeGameViewController.h */ = {isa = PBXFileReference; lastKnownFileType = sourcecode.c.h; path = NewShapeGameViewController.h; sourceTree = "<group>"; };
		22EF3A3414416F7D007A1BD5 /* NewShapeGameViewController.m */ = {isa = PBXFileReference; lastKnownFileType = sourcecode.c.objc; path = NewShapeGameViewController.m; sourceTree = "<group>"; };
		22EF3A3714416F7D007A1BD5 /* en */ = {isa = PBXFileReference; lastKnownFileType = file.xib; name = en; path = en.lproj/NewShapeGameViewController.xib; sourceTree = "<group>"; };
		22EF3A4314417001007A1BD5 /* BoardCell.h */ = {isa = PBXFileReference; fileEncoding = 4; lastKnownFileType = sourcecode.c.h; path = BoardCell.h; sourceTree = "<group>"; };
		22EF3A4414417001007A1BD5 /* BoardCell.m */ = {isa = PBXFileReference; fileEncoding = 4; lastKnownFileType = sourcecode.c.objc; path = BoardCell.m; sourceTree = "<group>"; };
/* End PBXFileReference section */

/* Begin PBXFrameworksBuildPhase section */
		22EF3A1714416F7C007A1BD5 /* Frameworks */ = {
			isa = PBXFrameworksBuildPhase;
			buildActionMask = 2147483647;
			files = (
				227008031441BEBA00935396 /* QuartzCore.framework in Frameworks */,
				22EF3A1F14416F7D007A1BD5 /* UIKit.framework in Frameworks */,
				22EF3A2114416F7D007A1BD5 /* Foundation.framework in Frameworks */,
				22EF3A2314416F7D007A1BD5 /* CoreGraphics.framework in Frameworks */,
			);
			runOnlyForDeploymentPostprocessing = 0;
		};
/* End PBXFrameworksBuildPhase section */

/* Begin PBXGroup section */
		22700763144186D300935396 /* Board */ = {
			isa = PBXGroup;
			children = (
				227008081441E2EB00935396 /* boardBackground.png */,
				227008091441E2EB00935396 /* boardBackground@2x.png */,
				22700764144186E600935396 /* toolBar.png */,
				22700765144186E600935396 /* toolBar@2x.png */,
			);
			name = Board;
			sourceTree = "<group>";
		};
		2270076814418F9E00935396 /* Cursors */ = {
			isa = PBXGroup;
			children = (
				227007811441979200935396 /* circleCursor.png */,
				227007821441979200935396 /* circleCursor@2x.png */,
				227007831441979200935396 /* triangleCursor.png */,
				227007841441979200935396 /* triangleCursor@2x.png */,
				227007851441979200935396 /* crossCursor.png */,
				227007861441979200935396 /* crossCursor@2x.png */,
				227007871441979200935396 /* squareCursor@.png */,
				227007881441979200935396 /* squareCursor@2x.png */,
				2270077D1441944500935396 /* yellowCursor.png */,
				2270077E1441944500935396 /* yellowCursor@2x.png */,
				22700777144193F300935396 /* redCursor.png */,
				22700778144193F300935396 /* redCursor@2x.png */,
				22700771144192ED00935396 /* greenCursor.png */,
				22700772144192ED00935396 /* greenCursor@2x.png */,
				2270076D1441921C00935396 /* blueCursor.png */,
				2270076E1441921C00935396 /* blueCursor@2x.png */,
			);
			name = Cursors;
			sourceTree = "<group>";
		};
		227007F31441BE4000935396 /* Libraries */ = {
			isa = PBXGroup;
			children = (
				227007F41441BE7100935396 /* DCIntrospect */,
			);
			name = Libraries;
			sourceTree = "<group>";
		};
		227007F41441BE7100935396 /* DCIntrospect */ = {
			isa = PBXGroup;
			children = (
				227007F51441BE7100935396 /* DCCrossHairView.h */,
				227007F61441BE7100935396 /* DCCrossHairView.m */,
				227007F71441BE7100935396 /* DCFrameView.h */,
				227007F81441BE7100935396 /* DCFrameView.m */,
				227007F91441BE7100935396 /* DCIntrospect.h */,
				227007FA1441BE7100935396 /* DCIntrospect.m */,
				227007FB1441BE7100935396 /* DCIntrospectSettings.h */,
				227007FC1441BE7100935396 /* DCStatusBarOverlay.h */,
				227007FD1441BE7100935396 /* DCStatusBarOverlay.m */,
			);
			path = DCIntrospect;
			sourceTree = "<group>";
		};
		22EF3A0F14416F7C007A1BD5 = {
			isa = PBXGroup;
			children = (
				227008021441BEBA00935396 /* QuartzCore.framework */,
				22EF3A2414416F7D007A1BD5 /* NewShapeGame */,
				22EF3A1D14416F7C007A1BD5 /* Frameworks */,
				22EF3A1B14416F7C007A1BD5 /* Products */,
			);
			sourceTree = "<group>";
		};
		22EF3A1B14416F7C007A1BD5 /* Products */ = {
			isa = PBXGroup;
			children = (
				22EF3A1A14416F7C007A1BD5 /* NewShapeGame.app */,
			);
			name = Products;
			sourceTree = "<group>";
		};
		22EF3A1D14416F7C007A1BD5 /* Frameworks */ = {
			isa = PBXGroup;
			children = (
				22EF3A1E14416F7C007A1BD5 /* UIKit.framework */,
				22EF3A2014416F7D007A1BD5 /* Foundation.framework */,
				22EF3A2214416F7D007A1BD5 /* CoreGraphics.framework */,
			);
			name = Frameworks;
			sourceTree = "<group>";
		};
		22EF3A2414416F7D007A1BD5 /* NewShapeGame */ = {
			isa = PBXGroup;
			children = (
				227007F31441BE4000935396 /* Libraries */,
				22EF3A4614417312007A1BD5 /* Assets */,
				22EF3A4114416FDD007A1BD5 /* Objects */,
				22EF3A3E14416F89007A1BD5 /* App controllers */,
				22EF3A4014416FAA007A1BD5 /* View controllers */,
				22EF3A3F14416F99007A1BD5 /* Views */,
				22EF3A2514416F7D007A1BD5 /* Supporting Files */,
			);
			path = NewShapeGame;
			sourceTree = "<group>";
		};
		22EF3A2514416F7D007A1BD5 /* Supporting Files */ = {
			isa = PBXGroup;
			children = (
				22EF3A2614416F7D007A1BD5 /* NewShapeGame-Info.plist */,
				22EF3A2714416F7D007A1BD5 /* InfoPlist.strings */,
				22EF3A2A14416F7D007A1BD5 /* main.m */,
				22EF3A2C14416F7D007A1BD5 /* NewShapeGame-Prefix.pch */,
			);
			name = "Supporting Files";
			sourceTree = "<group>";
		};
		22EF3A3E14416F89007A1BD5 /* App controllers */ = {
			isa = PBXGroup;
			children = (
				22EF3A2D14416F7D007A1BD5 /* NewShapeGameAppDelegate.h */,
				22EF3A2E14416F7D007A1BD5 /* NewShapeGameAppDelegate.m */,
			);
			name = "App controllers";
			sourceTree = "<group>";
		};
		22EF3A3F14416F99007A1BD5 /* Views */ = {
			isa = PBXGroup;
			children = (
				22EF3A3614416F7D007A1BD5 /* NewShapeGameViewController.xib */,
				22EF3A3014416F7D007A1BD5 /* MainWindow.xib */,
			);
			name = Views;
			sourceTree = "<group>";
		};
		22EF3A4014416FAA007A1BD5 /* View controllers */ = {
			isa = PBXGroup;
			children = (
				22EF3A3314416F7D007A1BD5 /* NewShapeGameViewController.h */,
				22EF3A3414416F7D007A1BD5 /* NewShapeGameViewController.m */,
			);
			name = "View controllers";
			sourceTree = "<group>";
		};
		22EF3A4114416FDD007A1BD5 /* Objects */ = {
			isa = PBXGroup;
			children = (
				22EF3A4314417001007A1BD5 /* BoardCell.h */,
				22EF3A4414417001007A1BD5 /* BoardCell.m */,
			);
			name = Objects;
			sourceTree = "<group>";
		};
		22EF3A4614417312007A1BD5 /* Assets */ = {
			isa = PBXGroup;
			children = (
				2270076814418F9E00935396 /* Cursors */,
				22700763144186D300935396 /* Board */,
				22EF3A8714418379007A1BD5 /* Shapes */,
			);
			name = Assets;
			sourceTree = "<group>";
		};
		22EF3A8714418379007A1BD5 /* Shapes */ = {
			isa = PBXGroup;
			children = (
				227007DF1441BAB900935396 /* 02.png */,
				227007E01441BAB900935396 /* 02@2x.png */,
				227007E11441BAB900935396 /* 12.png */,
				227007E21441BAB900935396 /* 12@2x.png */,
				227007E31441BAB900935396 /* 22.png */,
				227007E41441BAB900935396 /* 22@2x.png */,
				227007E51441BAB900935396 /* 32.png */,
				227007E61441BAB900935396 /* 32@2x.png */,
				227007E71441BAB900935396 /* 42.png */,
				227007E81441BAB900935396 /* 42@2x.png */,
				227007911441B87C00935396 /* 01.png */,
				227007921441B87C00935396 /* 01@2x.png */,
				227007951441B87C00935396 /* 04.png */,
				227007961441B87C00935396 /* 04@2x.png */,
				227007971441B87C00935396 /* 11.png */,
				227007981441B87C00935396 /* 11@2x.png */,
				2270079B1441B87C00935396 /* 13.png */,
				2270079C1441B87C00935396 /* 13@2x.png */,
				2270079D1441B87C00935396 /* 14.png */,
				2270079E1441B87C00935396 /* 14@2x.png */,
				2270079F1441B87C00935396 /* 21.png */,
				227007A01441B87C00935396 /* 21@2x.png */,
				227007A31441B87C00935396 /* 23.png */,
				227007A41441B87C00935396 /* 23@2x.png */,
				227007A51441B87C00935396 /* 24.png */,
				227007A61441B87C00935396 /* 24@2x.png */,
				227007A71441B87C00935396 /* 31.png */,
				227007A81441B87C00935396 /* 31@2x.png */,
				227007AB1441B87C00935396 /* 33.png */,
				227007AC1441B87C00935396 /* 33@2x.png */,
				227007AD1441B87C00935396 /* 34.png */,
				227007AE1441B87C00935396 /* 34@2x.png */,
				227007AF1441B87C00935396 /* 41.png */,
				227007B01441B87C00935396 /* 41@2x.png */,
				227007B31441B87C00935396 /* 43.png */,
				227007B41441B87C00935396 /* 43@2x.png */,
				227007B51441B87C00935396 /* 44.png */,
				227007B61441B87C00935396 /* 44@2x.png */,
			);
			name = Shapes;
			sourceTree = "<group>";
		};
/* End PBXGroup section */

/* Begin PBXNativeTarget section */
		22EF3A1914416F7C007A1BD5 /* NewShapeGame */ = {
			isa = PBXNativeTarget;
			buildConfigurationList = 22EF3A3B14416F7D007A1BD5 /* Build configuration list for PBXNativeTarget "NewShapeGame" */;
			buildPhases = (
				22EF3A1614416F7C007A1BD5 /* Sources */,
				22EF3A1714416F7C007A1BD5 /* Frameworks */,
				22EF3A1814416F7C007A1BD5 /* Resources */,
			);
			buildRules = (
			);
			dependencies = (
			);
			name = NewShapeGame;
			productName = NewShapeGame;
			productReference = 22EF3A1A14416F7C007A1BD5 /* NewShapeGame.app */;
			productType = "com.apple.product-type.application";
		};
/* End PBXNativeTarget section */

/* Begin PBXProject section */
		22EF3A1114416F7C007A1BD5 /* Project object */ = {
			isa = PBXProject;
			attributes = {
				ORGANIZATIONNAME = "Charismatic Megafauna Ltd";
			};
			buildConfigurationList = 22EF3A1414416F7C007A1BD5 /* Build configuration list for PBXProject "NewShapeGame" */;
			compatibilityVersion = "Xcode 3.2";
			developmentRegion = English;
			hasScannedForEncodings = 0;
			knownRegions = (
				en,
			);
			mainGroup = 22EF3A0F14416F7C007A1BD5;
			productRefGroup = 22EF3A1B14416F7C007A1BD5 /* Products */;
			projectDirPath = "";
			projectRoot = "";
			targets = (
				22EF3A1914416F7C007A1BD5 /* NewShapeGame */,
			);
		};
/* End PBXProject section */

/* Begin PBXResourcesBuildPhase section */
		22EF3A1814416F7C007A1BD5 /* Resources */ = {
			isa = PBXResourcesBuildPhase;
			buildActionMask = 2147483647;
			files = (
				22EF3A2914416F7D007A1BD5 /* InfoPlist.strings in Resources */,
				22EF3A3214416F7D007A1BD5 /* MainWindow.xib in Resources */,
				22EF3A3814416F7D007A1BD5 /* NewShapeGameViewController.xib in Resources */,
				22700766144186E600935396 /* toolBar.png in Resources */,
				22700767144186E600935396 /* toolBar@2x.png in Resources */,
				2270076F1441921C00935396 /* blueCursor.png in Resources */,
				227007701441921C00935396 /* blueCursor@2x.png in Resources */,
				22700773144192ED00935396 /* greenCursor.png in Resources */,
				22700774144192ED00935396 /* greenCursor@2x.png in Resources */,
				2270077B144193F300935396 /* redCursor.png in Resources */,
				2270077C144193F300935396 /* redCursor@2x.png in Resources */,
				2270077F1441944500935396 /* yellowCursor.png in Resources */,
				227007801441944500935396 /* yellowCursor@2x.png in Resources */,
				227007891441979200935396 /* circleCursor.png in Resources */,
				2270078A1441979200935396 /* circleCursor@2x.png in Resources */,
				2270078B1441979200935396 /* triangleCursor.png in Resources */,
				2270078C1441979200935396 /* triangleCursor@2x.png in Resources */,
				2270078D1441979200935396 /* crossCursor.png in Resources */,
				2270078E1441979200935396 /* crossCursor@2x.png in Resources */,
				2270078F1441979200935396 /* squareCursor@.png in Resources */,
				227007901441979200935396 /* squareCursor@2x.png in Resources */,
				227007B71441B87C00935396 /* 01.png in Resources */,
				227007B81441B87C00935396 /* 01@2x.png in Resources */,
				227007BB1441B87C00935396 /* 04.png in Resources */,
				227007BC1441B87C00935396 /* 04@2x.png in Resources */,
				227007BD1441B87C00935396 /* 11.png in Resources */,
				227007BE1441B87C00935396 /* 11@2x.png in Resources */,
				227007C11441B87C00935396 /* 13.png in Resources */,
				227007C21441B87C00935396 /* 13@2x.png in Resources */,
				227007C31441B87C00935396 /* 14.png in Resources */,
				227007C41441B87C00935396 /* 14@2x.png in Resources */,
				227007C51441B87C00935396 /* 21.png in Resources */,
				227007C61441B87C00935396 /* 21@2x.png in Resources */,
				227007C91441B87C00935396 /* 23.png in Resources */,
				227007CA1441B87C00935396 /* 23@2x.png in Resources */,
				227007CB1441B87C00935396 /* 24.png in Resources */,
				227007CC1441B87C00935396 /* 24@2x.png in Resources */,
				227007CD1441B87C00935396 /* 31.png in Resources */,
				227007CE1441B87C00935396 /* 31@2x.png in Resources */,
				227007D11441B87C00935396 /* 33.png in Resources */,
				227007D21441B87C00935396 /* 33@2x.png in Resources */,
				227007D31441B87C00935396 /* 34.png in Resources */,
				227007D41441B87C00935396 /* 34@2x.png in Resources */,
				227007D51441B87C00935396 /* 41.png in Resources */,
				227007D61441B87C00935396 /* 41@2x.png in Resources */,
				227007D91441B87C00935396 /* 43.png in Resources */,
				227007DA1441B87C00935396 /* 43@2x.png in Resources */,
				227007DB1441B87C00935396 /* 44.png in Resources */,
				227007DC1441B87C00935396 /* 44@2x.png in Resources */,
				227007E91441BAB900935396 /* 02.png in Resources */,
				227007EA1441BAB900935396 /* 02@2x.png in Resources */,
				227007EB1441BAB900935396 /* 12.png in Resources */,
				227007EC1441BAB900935396 /* 12@2x.png in Resources */,
				227007ED1441BAB900935396 /* 22.png in Resources */,
				227007EE1441BAB900935396 /* 22@2x.png in Resources */,
				227007EF1441BAB900935396 /* 32.png in Resources */,
				227007F01441BAB900935396 /* 32@2x.png in Resources */,
				227007F11441BAB900935396 /* 42.png in Resources */,
				227007F21441BAB900935396 /* 42@2x.png in Resources */,
				2270080A1441E2EB00935396 /* boardBackground.png in Resources */,
				2270080B1441E2EB00935396 /* boardBackground@2x.png in Resources */,
			);
			runOnlyForDeploymentPostprocessing = 0;
		};
/* End PBXResourcesBuildPhase section */

/* Begin PBXSourcesBuildPhase section */
		22EF3A1614416F7C007A1BD5 /* Sources */ = {
			isa = PBXSourcesBuildPhase;
			buildActionMask = 2147483647;
			files = (
				22EF3A2B14416F7D007A1BD5 /* main.m in Sources */,
				22EF3A2F14416F7D007A1BD5 /* NewShapeGameAppDelegate.m in Sources */,
				22EF3A3514416F7D007A1BD5 /* NewShapeGameViewController.m in Sources */,
				22EF3A4514417001007A1BD5 /* BoardCell.m in Sources */,
				227007FE1441BE7100935396 /* DCCrossHairView.m in Sources */,
				227007FF1441BE7100935396 /* DCFrameView.m in Sources */,
				227008001441BE7100935396 /* DCIntrospect.m in Sources */,
				227008011441BE7100935396 /* DCStatusBarOverlay.m in Sources */,
			);
			runOnlyForDeploymentPostprocessing = 0;
		};
/* End PBXSourcesBuildPhase section */

/* Begin PBXVariantGroup section */
		22EF3A2714416F7D007A1BD5 /* InfoPlist.strings */ = {
			isa = PBXVariantGroup;
			children = (
				22EF3A2814416F7D007A1BD5 /* en */,
			);
			name = InfoPlist.strings;
			sourceTree = "<group>";
		};
		22EF3A3014416F7D007A1BD5 /* MainWindow.xib */ = {
			isa = PBXVariantGroup;
			children = (
				22EF3A3114416F7D007A1BD5 /* en */,
			);
			name = MainWindow.xib;
			sourceTree = "<group>";
		};
		22EF3A3614416F7D007A1BD5 /* NewShapeGameViewController.xib */ = {
			isa = PBXVariantGroup;
			children = (
				22EF3A3714416F7D007A1BD5 /* en */,
			);
			name = NewShapeGameViewController.xib;
			sourceTree = "<group>";
		};
/* End PBXVariantGroup section */

/* Begin XCBuildConfiguration section */
		22EF3A3914416F7D007A1BD5 /* Debug */ = {
			isa = XCBuildConfiguration;
			buildSettings = {
				ALWAYS_SEARCH_USER_PATHS = NO;
				ARCHS = "$(ARCHS_STANDARD_32_BIT)";
				"CODE_SIGN_IDENTITY[sdk=iphoneos*]" = "iPhone Developer";
				COPY_PHASE_STRIP = NO;
				GCC_C_LANGUAGE_STANDARD = gnu99;
				GCC_DYNAMIC_NO_PIC = NO;
				GCC_OPTIMIZATION_LEVEL = 0;
				GCC_PREPROCESSOR_DEFINITIONS = (
					"DEBUG=1",
					"$(inherited)",
				);
				GCC_SYMBOLS_PRIVATE_EXTERN = NO;
				GCC_VERSION = com.apple.compilers.llvmgcc42;
				GCC_WARN_ABOUT_MISSING_PROTOTYPES = YES;
				GCC_WARN_ABOUT_RETURN_TYPE = YES;
				GCC_WARN_UNUSED_VARIABLE = YES;
				IPHONEOS_DEPLOYMENT_TARGET = 4.3;
				SDKROOT = iphoneos;
			};
			name = Debug;
		};
		22EF3A3A14416F7D007A1BD5 /* Release */ = {
			isa = XCBuildConfiguration;
			buildSettings = {
				ALWAYS_SEARCH_USER_PATHS = NO;
				ARCHS = "$(ARCHS_STANDARD_32_BIT)";
				"CODE_SIGN_IDENTITY[sdk=iphoneos*]" = "iPhone Developer";
				COPY_PHASE_STRIP = YES;
				GCC_C_LANGUAGE_STANDARD = gnu99;
				GCC_VERSION = com.apple.compilers.llvmgcc42;
				GCC_WARN_ABOUT_MISSING_PROTOTYPES = YES;
				GCC_WARN_ABOUT_RETURN_TYPE = YES;
				GCC_WARN_UNUSED_VARIABLE = YES;
				IPHONEOS_DEPLOYMENT_TARGET = 4.3;
				OTHER_CFLAGS = "-DNS_BLOCK_ASSERTIONS=1";
				SDKROOT = iphoneos;
				VALIDATE_PRODUCT = YES;
			};
			name = Release;
		};
		22EF3A3C14416F7D007A1BD5 /* Debug */ = {
			isa = XCBuildConfiguration;
			buildSettings = {
				GCC_PRECOMPILE_PREFIX_HEADER = YES;
				GCC_PREFIX_HEADER = "NewShapeGame/NewShapeGame-Prefix.pch";
				INFOPLIST_FILE = "NewShapeGame/NewShapeGame-Info.plist";
				PRODUCT_NAME = "$(TARGET_NAME)";
				WRAPPER_EXTENSION = app;
			};
			name = Debug;
		};
		22EF3A3D14416F7D007A1BD5 /* Release */ = {
			isa = XCBuildConfiguration;
			buildSettings = {
				GCC_PRECOMPILE_PREFIX_HEADER = YES;
				GCC_PREFIX_HEADER = "NewShapeGame/NewShapeGame-Prefix.pch";
				INFOPLIST_FILE = "NewShapeGame/NewShapeGame-Info.plist";
				PRODUCT_NAME = "$(TARGET_NAME)";
				WRAPPER_EXTENSION = app;
			};
			name = Release;
		};
/* End XCBuildConfiguration section */

/* Begin XCConfigurationList section */
		22EF3A1414416F7C007A1BD5 /* Build configuration list for PBXProject "NewShapeGame" */ = {
			isa = XCConfigurationList;
			buildConfigurations = (
				22EF3A3914416F7D007A1BD5 /* Debug */,
				22EF3A3A14416F7D007A1BD5 /* Release */,
			);
			defaultConfigurationIsVisible = 0;
			defaultConfigurationName = Release;
		};
		22EF3A3B14416F7D007A1BD5 /* Build configuration list for PBXNativeTarget "NewShapeGame" */ = {
			isa = XCConfigurationList;
			buildConfigurations = (
				22EF3A3C14416F7D007A1BD5 /* Debug */,
				22EF3A3D14416F7D007A1BD5 /* Release */,
			);
			defaultConfigurationIsVisible = 0;
			defaultConfigurationName = Release;
		};
/* End XCConfigurationList section */
	};
	rootObject = 22EF3A1114416F7C007A1BD5 /* Project object */;
}
